// !$*UTF8*$!
{
	archiveVersion = 1;
	classes = {
	};
	objectVersion = 77;
	objects = {

/* Begin PBXBuildFile section */
		00202D6ACE267233F3039A5B /* lara.swift in Sources */ = {isa = PBXBuildFile; fileRef = 785FE68237A73C050C69066D /* lara.swift */; };
		05122284F8EA7A7FD17CB414 /* PlainToggle.swift in Sources */ = {isa = PBXBuildFile; fileRef = 43CAECD4EC49FE81132CCC5C /* PlainToggle.swift */; };
		058FCBD9DA179A2D934E1861 /* SpringBoardView.swift in Sources */ = {isa = PBXBuildFile; fileRef = DA8DA1F400219CB3E2BB0ED3 /* SpringBoardView.swift */; };
		05C179E4E9D7715899A91E64 /* Logger.swift in Sources */ = {isa = PBXBuildFile; fileRef = 7ADF625620559A728F4B333A /* Logger.swift */; };
		066933B35D22C62FE6FC9F6A /* ContentView.swift in Sources */ = {isa = PBXBuildFile; fileRef = AAF0DB241A670081991552A3 /* ContentView.swift */; };
		08B9D3D2BA039407C8A13919 /* Hapticinator.swift in Sources */ = {isa = PBXBuildFile; fileRef = 37FB4792E60B4F968016E9C6 /* Hapticinator.swift */; };
		09EABA93BB9102BD4F9D1FFC /* FileSystemHelpers.swift in Sources */ = {isa = PBXBuildFile; fileRef = 2802001733517E9C6F44ADDE /* FileSystemHelpers.swift */; };
		0AFFD027EF12822CAF73F782 /* Shareinator.swift in Sources */ = {isa = PBXBuildFile; fileRef = 4759F640E231F564F06DB0F5 /* Shareinator.swift */; };
		0B7DE9C4509ECB136CC9B638 /* offsets.m in Sources */ = {isa = PBXBuildFile; fileRef = EDC9360B2E647660F1BD443F /* offsets.m */; };
		11A4639A5AA18324DE6F8273 /* LiquidGlassPreview.swift in Sources */ = {isa = PBXBuildFile; fileRef = B4D9E99A44EA3E29445991F5 /* LiquidGlassPreview.swift */; };
		13129643BE3233EFC0EF6031 /* TextFieldBackground.swift in Sources */ = {isa = PBXBuildFile; fileRef = D7EDCF42DD25E81E04542CF0 /* TextFieldBackground.swift */; };
		13F0035F8E6987F64CD2D687 /* TextFieldButton.swift in Sources */ = {isa = PBXBuildFile; fileRef = FEA8884199D9A76305CFBFB7 /* TextFieldButton.swift */; };
		182C270EFDABCE79D154FAF7 /* decrypt.m in Sources */ = {isa = PBXBuildFile; fileRef = 339B1CF19AFA09E650FAB6E6 /* decrypt.m */; };
		196DC3DB0EAC0E7E265E6B01 /* ToolsView.swift in Sources */ = {isa = PBXBuildFile; fileRef = 82024AEA6B518B3DBE4DB4C3 /* ToolsView.swift */; };
		1B94BBD77A4A2810BF5D1290 /* thread.m in Sources */ = {isa = PBXBuildFile; fileRef = 69CB9CC7CA7C437D5204AD77 /* thread.m */; };
		1C1446147E04DCEE203EBC04 /* IconThemeManager.swift in Sources */ = {isa = PBXBuildFile; fileRef = 313B84568EEAB9B642F60011 /* IconThemeManager.swift */; };
		1E55B26EADA5C23F309A7B0C /* persistence.m in Sources */ = {isa = PBXBuildFile; fileRef = B2BA68871A9D11BCFDC2AE71 /* persistence.m */; };
		2297FFBFFDD91202E8919BDC /* GetLicenseDict.swift in Sources */ = {isa = PBXBuildFile; fileRef = CDDF9E94BDE594CDE4DC0D0C /* GetLicenseDict.swift */; };
		230AA7324F04E510E79AE503 /* Alertinator.swift in Sources */ = {isa = PBXBuildFile; fileRef = 1D1585E8B42B2495142BE67E /* Alertinator.swift */; };
		236529F75FB8F6748C15FC90 /* IconThemeGalleryManager.swift in Sources */ = {isa = PBXBuildFile; fileRef = 50BE8150155CA9C3A965F3D4 /* IconThemeGalleryManager.swift */; };
		27E943E0996A32EA9B49236D /* TinyButtonStyle.swift in Sources */ = {isa = PBXBuildFile; fileRef = BF1C05825EDB2BD4FDD78E0F /* TinyButtonStyle.swift */; };
		2C3A57EFD938F70B1678C648 /* Exitinator.swift in Sources */ = {isa = PBXBuildFile; fileRef = 06481EFAF5F2217FAAF5763B /* Exitinator.swift */; };
		2C895842D5AF8B63A9213ACB /* vnode.m in Sources */ = {isa = PBXBuildFile; fileRef = 09E09CADCF84F1D6D51E5F20 /* vnode.m */; };
		2EB4DBFF3C9E9A772B965E36 /* InfoBadge.swift in Sources */ = {isa = PBXBuildFile; fileRef = C1486DA5CC57449B23F1C1A8 /* InfoBadge.swift */; };
		30583B6890DEABEFDC08AF12 /* PrimaryButtonStyle.swift in Sources */ = {isa = PBXBuildFile; fileRef = 4520C39A67B4B53F2535B2FC /* PrimaryButtonStyle.swift */; };
		34195E6370562AAA6B17AD6F /* TerminalPlatter.swift in Sources */ = {isa = PBXBuildFile; fileRef = 109F3589876ADE5C6E415581 /* TerminalPlatter.swift */; };
		34FE8D7A19990AEA7A5E4156 /* ButtonLabel.swift in Sources */ = {isa = PBXBuildFile; fileRef = 2F7F05561895AF15477C59D9 /* ButtonLabel.swift */; };
		39599D8458A706916C841578 /* lara.png in Resources */ = {isa = PBXBuildFile; fileRef = AE2331E0F7B3D823CA15DF72 /* lara.png */; };
		39E784159308C78E9FD8E9FD /* ThemedHeaderLabel.swift in Sources */ = {isa = PBXBuildFile; fileRef = B313F5BE4CA5427B76F38EAD /* ThemedHeaderLabel.swift */; };
		3DA8A9AD80838F3C532AF752 /* media.xcassets in Resources */ = {isa = PBXBuildFile; fileRef = 68FA57A36233679708C5E468 /* media.xcassets */; };
		403B42B0892F17F79B44252F /* TranslucentButtonStyle.swift in Sources */ = {isa = PBXBuildFile; fileRef = 35F4A280C5EAA61F467BEB2F /* TranslucentButtonStyle.swift */; };
		42806A1E5FDBBC158C4A6811 /* BundleResolver.swift in Sources */ = {isa = PBXBuildFile; fileRef = 47C01D0EB86F1B88E473FBD6 /* BundleResolver.swift */; };
		43A908C0EFBB371510C4F8A0 /* CreditsView.swift in Sources */ = {isa = PBXBuildFile; fileRef = 61F528F680617A48C3CAB181 /* CreditsView.swift */; };
		496F8339ED0EA575FC49B6AB /* LogsView.swift in Sources */ = {isa = PBXBuildFile; fileRef = E5D20EE9A5D02B2AE40EBBF1 /* LogsView.swift */; };
		49DB0B440857E7DE5A2B0BE2 /* Foundation.framework in Frameworks */ = {isa = PBXBuildFile; fileRef = 039D284F496260AA52986467 /* Foundation.framework */; };
		4B6E8402EE79EBB8F80FA9D7 /* libgrabkernel2.dylib in Resources */ = {isa = PBXBuildFile; fileRef = 2A8B286F9EE44EE34D17CFC5 /* libgrabkernel2.dylib */; };
		4BABA3A5C72B1C3E3FEEAE27 /* vm.m in Sources */ = {isa = PBXBuildFile; fileRef = 2046AE855EEB1C6D361886E0 /* vm.m */; };
		4D43CBA89C370995C3DC15A0 /* getbmhash.swift in Sources */ = {isa = PBXBuildFile; fileRef = 4091B993EEB2CE55D9340FD1 /* getbmhash.swift */; };
		4F96693F5A441361CB77741E /* WhitelistView.swift in Sources */ = {isa = PBXBuildFile; fileRef = 7BA3C630C1E593EDD9E2D17D /* WhitelistView.swift */; };
		4FE1F87BC6BBA0D61C1EEE61 /* LICENSE_ChOma.md in Resources */ = {isa = PBXBuildFile; fileRef = 768497842E4AA9851BF6D449 /* LICENSE_ChOma.md */; };
		507A89D7CE70F34E2CF13B90 /* PlainAlert.swift in Sources */ = {isa = PBXBuildFile; fileRef = EE48EF953CD0864CA464BAE3 /* PlainAlert.swift */; };
		510DFF895883A78195E38946 /* sbx.m in Sources */ = {isa = PBXBuildFile; fileRef = F7BDDFA67F1109816C300F1E /* sbx.m */; };
		51FAAEDC24E662A924A722A5 /* DecryptView.swift in Sources */ = {isa = PBXBuildFile; fileRef = AB6983282C48A1F9D8916495 /* DecryptView.swift */; };
		537218DC30DE8D530D1BD721 /* LICENSE_libgrabkernel2.md in Resources */ = {isa = PBXBuildFile; fileRef = 271735A3F681764690EA9704 /* LICENSE_libgrabkernel2.md */; };
		5440353CDE315B9316AA7445 /* DarkBoardExploreView.swift in Sources */ = {isa = PBXBuildFile; fileRef = 76499B80F81B730D6740F4B4 /* DarkBoardExploreView.swift */; };
		54E4B6C8B10496B4B926C6FA /* VarCleanRules.json in Resources */ = {isa = PBXBuildFile; fileRef = 60E947B3676E84C6A668511C /* VarCleanRules.json */; };
		602E65AAD1DAB37B2F83515C /* isunsupported.swift in Sources */ = {isa = PBXBuildFile; fileRef = 8B4C39921AD4AFB152FAEF11 /* isunsupported.swift */; };
		6302DAE0DC6008A78FEA75D2 /* DirectoryView.swift in Sources */ = {isa = PBXBuildFile; fileRef = AECB19A4F9FC77C7B0D6365A /* DirectoryView.swift */; };
		645CDC6475859E617180EEAF /* CustomView.swift in Sources */ = {isa = PBXBuildFile; fileRef = 6E62F26B0EFC75ABBC536306 /* CustomView.swift */; };
		6582BD9ADC3581308C4A5176 /* LinkCreditCell.swift in Sources */ = {isa = PBXBuildFile; fileRef = DDB02794349F88F9FD65ADEE /* LinkCreditCell.swift */; };
		65870485C62AC1B36636C4D8 /* WelcomeSheetView.swift in Sources */ = {isa = PBXBuildFile; fileRef = 85027CF0242D31D84A9044B5 /* WelcomeSheetView.swift */; };
		677658A1FE00F5F6053161EF /* LICENSE_RootHideManagerApp.md in Resources */ = {isa = PBXBuildFile; fileRef = FC6F541C56EDB4F0D04D7442 /* LICENSE_RootHideManagerApp.md */; };
		688F4C39AF880CE320E1941C /* TerminalHeader.swift in Sources */ = {isa = PBXBuildFile; fileRef = FA7E2153C056C5EA2C6A6787 /* TerminalHeader.swift */; };
		69AC26CBBCC7EBB2843DDED1 /* CardView.swift in Sources */ = {isa = PBXBuildFile; fileRef = 87B5A7075908DD63D2DB887E /* CardView.swift */; };
		6C9C2DA6D8CA8E1E7BC53395 /* ota.m in Sources */ = {isa = PBXBuildFile; fileRef = 629153B59D4C44844AE0B04F /* ota.m */; };
		6E92B04499A623019373B0A2 /* rc.m in Sources */ = {isa = PBXBuildFile; fileRef = 86610E6990066EDFE2B5D96B /* rc.m */; };
		70B155F658E85996D9D047D8 /* AppsView.swift in Sources */ = {isa = PBXBuildFile; fileRef = D7767AE9E778CDC4652EE1AA /* AppsView.swift */; };
		70CE8021C85452A4741A89F9 /* LicenseView.swift in Sources */ = {isa = PBXBuildFile; fileRef = CDBEF40DFD6AA5F5A0B9433C /* LicenseView.swift */; };
		70E9C02380E1D423B9CF7903 /* PlatterToggle.swift in Sources */ = {isa = PBXBuildFile; fileRef = 0129BE13FBF985411B747C2A /* PlatterToggle.swift */; };
		7803CCA219A265C3AA594502 /* SantanderView.swift in Sources */ = {isa = PBXBuildFile; fileRef = 9C010243976A7D404529C206 /* SantanderView.swift */; };
		7A61CEA33968AD9DA34ADFA4 /* ScreenTimeView.swift in Sources */ = {isa = PBXBuildFile; fileRef = 53B421ED314818DD280CCB40 /* ScreenTimeView.swift */; };
		7ADCF239CFA73E31C04EB6B8 /* vfs.m in Sources */ = {isa = PBXBuildFile; fileRef = 7A92CE7743387903DDBFFC8C /* vfs.m */; };
		7B3F13562B7C25359296835C /* TinyInfoPlatter.swift in Sources */ = {isa = PBXBuildFile; fileRef = B11064A0B5EBD6B7A2D05021 /* TinyInfoPlatter.swift */; };
		7D90FABB530CED8DC9486DA8 /* OTAView.swift in Sources */ = {isa = PBXBuildFile; fileRef = 804238A057A2DF3D3EDD2D2A /* OTAView.swift */; };
		7F1AFB173CB7104A16F670C7 /* LiquidGlassView.swift in Sources */ = {isa = PBXBuildFile; fileRef = 8E180A1D7D4F04BBA1C018F5 /* LiquidGlassView.swift */; };
		7F2F1534A472DE34BDE357F4 /* CompactAlert.swift in Sources */ = {isa = PBXBuildFile; fileRef = 28A34DEE4E3F623EFF26BA57 /* CompactAlert.swift */; };
		7FE3DDE3E0F26C4DBED76107 /* PasscodeExploreView.swift in Sources */ = {isa = PBXBuildFile; fileRef = 1192B4ADC758F2FBE26A883A /* PasscodeExploreView.swift */; };
		80B444A2B60934943D11B6B9 /* pac.m in Sources */ = {isa = PBXBuildFile; fileRef = 7716BA871D7E897964A49CBD /* pac.m */; };
		820EB2ED4221DA83342F2024 /* IconCacheClearer.m in Sources */ = {isa = PBXBuildFile; fileRef = 51C4D580D4A8686D1CAF25E4 /* IconCacheClearer.m */; };
		836F219F9D750E2D10CFF90A /* PasscodeView.swift in Sources */ = {isa = PBXBuildFile; fileRef = A26C03F7E7A7E75077A96423 /* PasscodeView.swift */; };
		863B00B4A39A45D832C397C6 /* HeaderLabel.swift in Sources */ = {isa = PBXBuildFile; fileRef = 2DD56EBEFF013417C64A6488 /* HeaderLabel.swift */; };
		8754465D55F18472D423F2ED /* LICENSE_XPF.md in Resources */ = {isa = PBXBuildFile; fileRef = 9ECAEE9B34FB3DCF3A9756AA /* LICENSE_XPF.md */; };
		88F3821D6C159B9D6444C269 /* dirtyZeroTweakArray.swift in Sources */ = {isa = PBXBuildFile; fileRef = DDB2DDE4EBFD521AEA126223 /* dirtyZeroTweakArray.swift */; };
		8A5ECC3E2AB3B5DA4FFB4817 /* FancyButtonStyle.swift in Sources */ = {isa = PBXBuildFile; fileRef = E56A2ABB4902D8C97C35DF1C /* FancyButtonStyle.swift */; };
		8C42BE9EF29CE41DBFD196B3 /* CacheView.swift in Sources */ = {isa = PBXBuildFile; fileRef = D9FC8477A5475C7F11C1E8C2 /* CacheView.swift */; };
		8F9A25EA7568AAA2730DD2B8 /* PasscodeRepoView.swift in Sources */ = {isa = PBXBuildFile; fileRef = EF3BD740DFB941A63B1FE9D3 /* PasscodeRepoView.swift */; };
		930A9F36360B4B3D57259B9D /* RemoteView.swift in Sources */ = {isa = PBXBuildFile; fileRef = 3FDA4A99A12D2CB225EB22B5 /* RemoteView.swift */; };
		937AA3D075834BA4A4E096AC /* AppInfo.swift in Sources */ = {isa = PBXBuildFile; fileRef = 6EB9E3ACD25477A782F14650 /* AppInfo.swift */; };
		9DAC5982A30F0C03F49FFA61 /* laramgr.swift in Sources */ = {isa = PBXBuildFile; fileRef = 2CCACDCDA8A98A3AB0DD4B34 /* laramgr.swift */; };
		9F92D924C09344269A8AF11D /* darksword.m in Sources */ = {isa = PBXBuildFile; fileRef = DD123A4DC76BB7C0734B5AE9 /* darksword.m */; };
		A078DD2B7C8A8DF1B4D84F52 /* fetchkcache.swift in Sources */ = {isa = PBXBuildFile; fileRef = CD0D193753BA74B811063956 /* fetchkcache.swift */; };
		A1BBCE64F06D8B34D745AD6C /* FontPicker.swift in Sources */ = {isa = PBXBuildFile; fileRef = CCBDBA2B5E35715A5E9EF977 /* FontPicker.swift */; };
		A3D53400C1802DD7EDD3A18F /* screentime.m in Sources */ = {isa = PBXBuildFile; fileRef = 3FE05E69C027F81699504C0E /* screentime.m */; };
		A6D7EEDB65FEFE06181131B4 /* JitView.swift in Sources */ = {isa = PBXBuildFile; fileRef = F2807342CC8396EA700E7626 /* JitView.swift */; };
		A999A1BBFB874C96968CA82E /* findcachedataoff.m in Sources */ = {isa = PBXBuildFile; fileRef = 63638FA82C9DE5B6CFE2B370 /* findcachedataoff.m */; };
		B494B779C996B17E3D9CFACB /* SystemColor.swift in Sources */ = {isa = PBXBuildFile; fileRef = 52820EE5F1FB5FE56093F4E7 /* SystemColor.swift */; };
		B4A900BFCF3DFFE71F7C66E4 /* AppInfoCell.swift in Sources */ = {isa = PBXBuildFile; fileRef = E94088E0CD65B0F97BC353BA /* AppInfoCell.swift */; };
		B638D7CADA8DBC8244AB2F55 /* zipmgr.swift in Sources */ = {isa = PBXBuildFile; fileRef = CBFD358E70EC405DE82C3960 /* zipmgr.swift */; };
		BA3AACAE9F2E6C279E992A95 /* OffsetManagementView.swift in Sources */ = {isa = PBXBuildFile; fileRef = 9912C39D41DA5EB8985DBB12 /* OffsetManagementView.swift */; };
		BB429E7BE7E200DF6AA18E76 /* exc.m in Sources */ = {isa = PBXBuildFile; fileRef = E4F25FF1C3F48BDC5E6BB728 /* exc.m */; };
		BC74665F87D33C51DC6F516C /* SettingsView.swift in Sources */ = {isa = PBXBuildFile; fileRef = 986EBE17846F5764D1456F88 /* SettingsView.swift */; };
		BCE7136785F9DBE87C65D58C /* FileInfoSheet.swift in Sources */ = {isa = PBXBuildFile; fileRef = AA25AF8322F8AF8EA8DCFFF3 /* FileInfoSheet.swift */; };
		BDBFA0195D26B6850BC5DC5E /* WelcomeSheetRow.swift in Sources */ = {isa = PBXBuildFile; fileRef = 9333BB39BB98C3DB063648A1 /* WelcomeSheetRow.swift */; };
		BE23188A75B1E8C1CAF64359 /* SectionPlatter.swift in Sources */ = {isa = PBXBuildFile; fileRef = 8D042B272B261DE4B19A7351 /* SectionPlatter.swift */; };
		BE4A482E5A1DD70606B1C211 /* FileView.swift in Sources */ = {isa = PBXBuildFile; fileRef = 73D525CF14505CE9B85FD317 /* FileView.swift */; };
		C3131609D02F304F291B4CB9 /* DesignStyle.swift in Sources */ = {isa = PBXBuildFile; fileRef = 6DDC13CBAF6359B957D0E46D /* DesignStyle.swift */; };
		CBB7E70304875E1C3E48B622 /* HeaderDropdown.swift in Sources */ = {isa = PBXBuildFile; fileRef = 02E20075BF872BFD95EB0A6E /* HeaderDropdown.swift */; };
		CBE8D15F680BB6325D10D228 /* TweaksView.swift in Sources */ = {isa = PBXBuildFile; fileRef = A715CAB6E1EC98EB726ED515 /* TweaksView.swift */; };
		D16210B6098D7F0D63D20C4C /* VarCleanBridge.m in Sources */ = {isa = PBXBuildFile; fileRef = 6230613E1604EF6D325BEB2A /* VarCleanBridge.m */; };
		D184257FDD7AE36F18725D30 /* islcinstalled.swift in Sources */ = {isa = PBXBuildFile; fileRef = F6D6CB952FC4C65F5FB543A5 /* islcinstalled.swift */; };
		D1F0BD55C7EFF7BAD76C041D /* VarCleanView.swift in Sources */ = {isa = PBXBuildFile; fileRef = 504D22E7D14EDDCBB8ED9F44 /* VarCleanView.swift */; };
		D58CD0FF97C499475D52432F /* GestaltFileView.swift in Sources */ = {isa = PBXBuildFile; fileRef = 05AF074004C8A6B2B588FC91 /* GestaltFileView.swift */; };
		D6BDB394E381CB4F10D15051 /* DarkBoardView.swift in Sources */ = {isa = PBXBuildFile; fileRef = B1DA3FB34E314A468E26E1D9 /* DarkBoardView.swift */; };
		D85FA9C14ADF248F12BB0BCE /* dirtyZeroView.swift in Sources */ = {isa = PBXBuildFile; fileRef = C92D97E7B28FC21CDB6394CC /* dirtyZeroView.swift */; };
		D9513AB0989670D18E2C4B7C /* NavigationLabel.swift in Sources */ = {isa = PBXBuildFile; fileRef = 856E29C9498293E1D9BB09CA /* NavigationLabel.swift */; };
		DBD58B6C966B944E3C556346 /* libxpf.dylib in Resources */ = {isa = PBXBuildFile; fileRef = 6337EE02AC0706717DFA252A /* libxpf.dylib */; };
		DE00903ACCA0FA0A8F3A2DA5 /* VariableBlur.swift in Sources */ = {isa = PBXBuildFile; fileRef = 050CB7412FCEE07695ABA92A /* VariableBlur.swift */; };
		E00CFE2CBC61E2E5233364E0 /* UIKit.framework in Frameworks */ = {isa = PBXBuildFile; fileRef = 410B1EDE3D870185074F65BC /* UIKit.framework */; };
		E2E6E955F2EB03E174AB68C2 /* resizetoapprox.swift in Sources */ = {isa = PBXBuildFile; fileRef = 3B986733D3F9E2A85C6B4DB7 /* resizetoapprox.swift */; };
		E5A3C41959D8E63088FBF3B7 /* PartyUI.swift in Sources */ = {isa = PBXBuildFile; fileRef = 448609047BB8D112B7E99BFA /* PartyUI.swift */; };
		E5E44346BAE9ECFB8BA141EE /* helpers.swift in Sources */ = {isa = PBXBuildFile; fileRef = 92C2A1D1BCFA40230A63C752 /* helpers.swift */; };
		E6E8BEA53C0EBE9728036710 /* FadeAnimation.swift in Sources */ = {isa = PBXBuildFile; fileRef = FC1E023273418CB9CB879FFF /* FadeAnimation.swift */; };
		E7E8AD844335D650EC96A029 /* respring.swift in Sources */ = {isa = PBXBuildFile; fileRef = A9BBF565E304760414833AF4 /* respring.swift */; };
		EB6AD5F927DDFFF9805ECED0 /* isdebugged.swift in Sources */ = {isa = PBXBuildFile; fileRef = 7DBB848FB87528D0CF3FD7AD /* isdebugged.swift */; };
		EBA31C6E804BDF054E85BF5D /* RemoteCall.m in Sources */ = {isa = PBXBuildFile; fileRef = D2ED109B18B57340D5F23066 /* RemoteCall.m */; };
		EC8EF9CB8B22F2E7317C47EC /* utils.m in Sources */ = {isa = PBXBuildFile; fileRef = 5A300D3F6ED3397BE1E6AD87 /* utils.m */; };
		ED67001D1F5DC6D2CECEC34A /* GestaltView.swift in Sources */ = {isa = PBXBuildFile; fileRef = ACDE5186BD4FAC6C884D6EC3 /* GestaltView.swift */; };
		EE8E8D088FEAD6AB0E9F14B2 /* CCView.swift in Sources */ = {isa = PBXBuildFile; fileRef = DF63A96A2904C5BAA9C6E491 /* CCView.swift */; };
		F31B0ABB5F2F7F16BAAFA6A3 /* keepalive.swift in Sources */ = {isa = PBXBuildFile; fileRef = F50A3C705DF2F98AC63AA699 /* keepalive.swift */; };
		F3A6E82C953937E99AA0550E /* apfs.m in Sources */ = {isa = PBXBuildFile; fileRef = 797DFBA07DCC9320399BC99F /* apfs.m */; };
		F67A23CB1296B254798B161A /* SBCustomizerHandler.swift in Sources */ = {isa = PBXBuildFile; fileRef = CCE96D7B86A8F7D41967A7BC /* SBCustomizerHandler.swift */; };
		F916C0DE09CD8E2AAC3B7038 /* PasscodeGalleryManager.swift in Sources */ = {isa = PBXBuildFile; fileRef = 67D100779B0FB585D07A7A01 /* PasscodeGalleryManager.swift */; };
		FB2F000461380ED91E36B683 /* OverlayBackground.swift in Sources */ = {isa = PBXBuildFile; fileRef = AFB9087BA044BC50F21C5AE0 /* OverlayBackground.swift */; };
/* End PBXBuildFile section */

/* Begin PBXFileReference section */
		0129BE13FBF985411B747C2A /* PlatterToggle.swift */ = {isa = PBXFileReference; lastKnownFileType = sourcecode.swift; path = PlatterToggle.swift; sourceTree = "<group>"; };
		02E20075BF872BFD95EB0A6E /* HeaderDropdown.swift */ = {isa = PBXFileReference; lastKnownFileType = sourcecode.swift; path = HeaderDropdown.swift; sourceTree = "<group>"; };
		039D284F496260AA52986467 /* Foundation.framework */ = {isa = PBXFileReference; lastKnownFileType = wrapper.framework; name = Foundation.framework; path = System/Library/Frameworks/Foundation.framework; sourceTree = SDKROOT; };
		050CB7412FCEE07695ABA92A /* VariableBlur.swift */ = {isa = PBXFileReference; lastKnownFileType = sourcecode.swift; path = VariableBlur.swift; sourceTree = "<group>"; };
		05AF074004C8A6B2B588FC91 /* GestaltFileView.swift */ = {isa = PBXFileReference; lastKnownFileType = sourcecode.swift; path = GestaltFileView.swift; sourceTree = "<group>"; };
		06481EFAF5F2217FAAF5763B /* Exitinator.swift */ = {isa = PBXFileReference; lastKnownFileType = sourcecode.swift; path = Exitinator.swift; sourceTree = "<group>"; };
		09A16D0CCA129CD34402ACAB /* Fat.h */ = {isa = PBXFileReference; lastKnownFileType = sourcecode.c.h; path = Fat.h; sourceTree = "<group>"; };
		09BE5060F2C9DFD730796B7E /* rc.h */ = {isa = PBXFileReference; lastKnownFileType = sourcecode.c.h; path = rc.h; sourceTree = "<group>"; };
		09E09CADCF84F1D6D51E5F20 /* vnode.m */ = {isa = PBXFileReference; lastKnownFileType = sourcecode.c.objc; path = vnode.m; sourceTree = "<group>"; };
		0B1831D0D49F9245F54EBDC6 /* compat.h */ = {isa = PBXFileReference; lastKnownFileType = sourcecode.c.h; path = compat.h; sourceTree = "<group>"; };
		109F3589876ADE5C6E415581 /* TerminalPlatter.swift */ = {isa = PBXFileReference; lastKnownFileType = sourcecode.swift; path = TerminalPlatter.swift; sourceTree = "<group>"; };
		1192B4ADC758F2FBE26A883A /* PasscodeExploreView.swift */ = {isa = PBXFileReference; lastKnownFileType = sourcecode.swift; path = PasscodeExploreView.swift; sourceTree = "<group>"; };
		18E32A7D29C4903FCC4F9BF3 /* RemoteCall.h */ = {isa = PBXFileReference; lastKnownFileType = sourcecode.c.h; path = RemoteCall.h; sourceTree = "<group>"; };
		1C129CE3C337B3F24408FAE2 /* DyldSharedCache.h */ = {isa = PBXFileReference; lastKnownFileType = sourcecode.c.h; path = DyldSharedCache.h; sourceTree = "<group>"; };
		1D1585E8B42B2495142BE67E /* Alertinator.swift */ = {isa = PBXFileReference; lastKnownFileType = sourcecode.swift; path = Alertinator.swift; sourceTree = "<group>"; };
		2046AE855EEB1C6D361886E0 /* vm.m */ = {isa = PBXFileReference; lastKnownFileType = sourcecode.c.objc; path = vm.m; sourceTree = "<group>"; };
		206327D869325194A5015A1B /* utils.h */ = {isa = PBXFileReference; lastKnownFileType = sourcecode.c.h; path = utils.h; sourceTree = "<group>"; };
		2329A0992D4982D4E144AB75 /* pac.h */ = {isa = PBXFileReference; lastKnownFileType = sourcecode.c.h; path = pac.h; sourceTree = "<group>"; };
		271735A3F681764690EA9704 /* LICENSE_libgrabkernel2.md */ = {isa = PBXFileReference; lastKnownFileType = net.daringfireball.markdown; path = LICENSE_libgrabkernel2.md; sourceTree = "<group>"; };
		2802001733517E9C6F44ADDE /* FileSystemHelpers.swift */ = {isa = PBXFileReference; lastKnownFileType = sourcecode.swift; path = FileSystemHelpers.swift; sourceTree = "<group>"; };
		28A34DEE4E3F623EFF26BA57 /* CompactAlert.swift */ = {isa = PBXFileReference; lastKnownFileType = sourcecode.swift; path = CompactAlert.swift; sourceTree = "<group>"; };
		2A8B286F9EE44EE34D17CFC5 /* libgrabkernel2.dylib */ = {isa = PBXFileReference; lastKnownFileType = "compiled.mach-o.dylib"; path = libgrabkernel2.dylib; sourceTree = "<group>"; };
		2CCACDCDA8A98A3AB0DD4B34 /* laramgr.swift */ = {isa = PBXFileReference; lastKnownFileType = sourcecode.swift; path = laramgr.swift; sourceTree = "<group>"; };
		2DD56EBEFF013417C64A6488 /* HeaderLabel.swift */ = {isa = PBXFileReference; lastKnownFileType = sourcecode.swift; path = HeaderLabel.swift; sourceTree = "<group>"; };
		2F2ABD3A4DC9796E9FFDD962 /* exc.h */ = {isa = PBXFileReference; lastKnownFileType = sourcecode.c.h; path = exc.h; sourceTree = "<group>"; };
		2F7F05561895AF15477C59D9 /* ButtonLabel.swift */ = {isa = PBXFileReference; lastKnownFileType = sourcecode.swift; path = ButtonLabel.swift; sourceTree = "<group>"; };
		313B84568EEAB9B642F60011 /* IconThemeManager.swift */ = {isa = PBXFileReference; lastKnownFileType = sourcecode.swift; path = IconThemeManager.swift; sourceTree = "<group>"; };
		324F7561FC82CAA514198CEB /* libgrabkernel2.h */ = {isa = PBXFileReference; lastKnownFileType = sourcecode.c.h; path = libgrabkernel2.h; sourceTree = "<group>"; };
		339B1CF19AFA09E650FAB6E6 /* decrypt.m */ = {isa = PBXFileReference; lastKnownFileType = sourcecode.c.objc; path = decrypt.m; sourceTree = "<group>"; };
		33D532921D34FC69522B5905 /* lara-Bridging-Header.h */ = {isa = PBXFileReference; lastKnownFileType = sourcecode.c.h; path = "lara-Bridging-Header.h"; sourceTree = "<group>"; };
		33FAD74D2D09DFD7CF1985FA /* vfs.h */ = {isa = PBXFileReference; lastKnownFileType = sourcecode.c.h; path = vfs.h; sourceTree = "<group>"; };
		3450D579B9EF6D1B24EA44AB /* sbx.h */ = {isa = PBXFileReference; lastKnownFileType = sourcecode.c.h; path = sbx.h; sourceTree = "<group>"; };
		35F4A280C5EAA61F467BEB2F /* TranslucentButtonStyle.swift */ = {isa = PBXFileReference; lastKnownFileType = sourcecode.swift; path = TranslucentButtonStyle.swift; sourceTree = "<group>"; };
		37FB4792E60B4F968016E9C6 /* Hapticinator.swift */ = {isa = PBXFileReference; lastKnownFileType = sourcecode.swift; path = Hapticinator.swift; sourceTree = "<group>"; };
		3B986733D3F9E2A85C6B4DB7 /* resizetoapprox.swift */ = {isa = PBXFileReference; lastKnownFileType = sourcecode.swift; path = resizetoapprox.swift; sourceTree = "<group>"; };
		3C989876DB6E112F7F3C3698 /* Entitlements.h */ = {isa = PBXFileReference; lastKnownFileType = sourcecode.c.h; path = Entitlements.h; sourceTree = "<group>"; };
		3F975F92D7C580260B59024B /* MachOByteOrder.h */ = {isa = PBXFileReference; lastKnownFileType = sourcecode.c.h; path = MachOByteOrder.h; sourceTree = "<group>"; };
		3FDA4A99A12D2CB225EB22B5 /* RemoteView.swift */ = {isa = PBXFileReference; lastKnownFileType = sourcecode.swift; path = RemoteView.swift; sourceTree = "<group>"; };
		3FE05E69C027F81699504C0E /* screentime.m */ = {isa = PBXFileReference; lastKnownFileType = sourcecode.c.objc; path = screentime.m; sourceTree = "<group>"; };
		4091B993EEB2CE55D9340FD1 /* getbmhash.swift */ = {isa = PBXFileReference; lastKnownFileType = sourcecode.swift; path = getbmhash.swift; sourceTree = "<group>"; };
		410B1EDE3D870185074F65BC /* UIKit.framework */ = {isa = PBXFileReference; lastKnownFileType = wrapper.framework; name = UIKit.framework; path = System/Library/Frameworks/UIKit.framework; sourceTree = SDKROOT; };
		43CAECD4EC49FE81132CCC5C /* PlainToggle.swift */ = {isa = PBXFileReference; lastKnownFileType = sourcecode.swift; path = PlainToggle.swift; sourceTree = "<group>"; };
		448609047BB8D112B7E99BFA /* PartyUI.swift */ = {isa = PBXFileReference; lastKnownFileType = sourcecode.swift; path = PartyUI.swift; sourceTree = "<group>"; };
		4520C39A67B4B53F2535B2FC /* PrimaryButtonStyle.swift */ = {isa = PBXFileReference; lastKnownFileType = sourcecode.swift; path = PrimaryButtonStyle.swift; sourceTree = "<group>"; };
		4759F640E231F564F06DB0F5 /* Shareinator.swift */ = {isa = PBXFileReference; lastKnownFileType = sourcecode.swift; path = Shareinator.swift; sourceTree = "<group>"; };
		47A521EB489F34847F77161C /* thread.h */ = {isa = PBXFileReference; lastKnownFileType = sourcecode.c.h; path = thread.h; sourceTree = "<group>"; };
		47C01D0EB86F1B88E473FBD6 /* BundleResolver.swift */ = {isa = PBXFileReference; lastKnownFileType = sourcecode.swift; path = BundleResolver.swift; sourceTree = "<group>"; };
		48E6FC849E553C68E397984C /* lara.entitlements */ = {isa = PBXFileReference; lastKnownFileType = text.plist.entitlements; path = lara.entitlements; sourceTree = "<group>"; };
		4A33766163693DFAA30D772A /* decrypt.h */ = {isa = PBXFileReference; lastKnownFileType = sourcecode.c.h; path = decrypt.h; sourceTree = "<group>"; };
		504D22E7D14EDDCBB8ED9F44 /* VarCleanView.swift */ = {isa = PBXFileReference; lastKnownFileType = sourcecode.swift; path = VarCleanView.swift; sourceTree = "<group>"; };
		50BE8150155CA9C3A965F3D4 /* IconThemeGalleryManager.swift */ = {isa = PBXFileReference; lastKnownFileType = sourcecode.swift; path = IconThemeGalleryManager.swift; sourceTree = "<group>"; };
		51BF1E07A44069A4B21B39EE /* xpf.h */ = {isa = PBXFileReference; lastKnownFileType = sourcecode.c.h; path = xpf.h; sourceTree = "<group>"; };
		51C4D580D4A8686D1CAF25E4 /* IconCacheClearer.m */ = {isa = PBXFileReference; lastKnownFileType = sourcecode.c.objc; path = IconCacheClearer.m; sourceTree = "<group>"; };
		52820EE5F1FB5FE56093F4E7 /* SystemColor.swift */ = {isa = PBXFileReference; lastKnownFileType = sourcecode.swift; path = SystemColor.swift; sourceTree = "<group>"; };
		53B421ED314818DD280CCB40 /* ScreenTimeView.swift */ = {isa = PBXFileReference; lastKnownFileType = sourcecode.swift; path = ScreenTimeView.swift; sourceTree = "<group>"; };
		5A300D3F6ED3397BE1E6AD87 /* utils.m */ = {isa = PBXFileReference; lastKnownFileType = sourcecode.c.objc; path = utils.m; sourceTree = "<group>"; };
		5C21F0DFD8E929D2ADD2FFE8 /* apfs.h */ = {isa = PBXFileReference; lastKnownFileType = sourcecode.c.h; path = apfs.h; sourceTree = "<group>"; };
		60E947B3676E84C6A668511C /* VarCleanRules.json */ = {isa = PBXFileReference; lastKnownFileType = text.json; path = VarCleanRules.json; sourceTree = "<group>"; };
		617E864CD832D1D3839429F0 /* persistence.h */ = {isa = PBXFileReference; lastKnownFileType = sourcecode.c.h; path = persistence.h; sourceTree = "<group>"; };
		61F528F680617A48C3CAB181 /* CreditsView.swift */ = {isa = PBXFileReference; lastKnownFileType = sourcecode.swift; path = CreditsView.swift; sourceTree = "<group>"; };
		6230613E1604EF6D325BEB2A /* VarCleanBridge.m */ = {isa = PBXFileReference; lastKnownFileType = sourcecode.c.objc; path = VarCleanBridge.m; sourceTree = "<group>"; };
		629153B59D4C44844AE0B04F /* ota.m */ = {isa = PBXFileReference; lastKnownFileType = sourcecode.c.objc; path = ota.m; sourceTree = "<group>"; };
		6337EE02AC0706717DFA252A /* libxpf.dylib */ = {isa = PBXFileReference; lastKnownFileType = "compiled.mach-o.dylib"; path = libxpf.dylib; sourceTree = "<group>"; };
		63638FA82C9DE5B6CFE2B370 /* findcachedataoff.m */ = {isa = PBXFileReference; lastKnownFileType = sourcecode.c.objc; path = findcachedataoff.m; sourceTree = "<group>"; };
		67D100779B0FB585D07A7A01 /* PasscodeGalleryManager.swift */ = {isa = PBXFileReference; lastKnownFileType = sourcecode.swift; path = PasscodeGalleryManager.swift; sourceTree = "<group>"; };
		68FA57A36233679708C5E468 /* media.xcassets */ = {isa = PBXFileReference; lastKnownFileType = folder.assetcatalog; path = media.xcassets; sourceTree = "<group>"; };
		69469C9463D12D344AD3B00F /* MachOLoadCommand.h */ = {isa = PBXFileReference; lastKnownFileType = sourcecode.c.h; path = MachOLoadCommand.h; sourceTree = "<group>"; };
		69CB9CC7CA7C437D5204AD77 /* thread.m */ = {isa = PBXFileReference; lastKnownFileType = sourcecode.c.objc; path = thread.m; sourceTree = "<group>"; };
		6C46703C2B4072AEF8703349 /* arm64.h */ = {isa = PBXFileReference; lastKnownFileType = sourcecode.c.h; path = arm64.h; sourceTree = "<group>"; };
		6DDC13CBAF6359B957D0E46D /* DesignStyle.swift */ = {isa = PBXFileReference; lastKnownFileType = sourcecode.swift; path = DesignStyle.swift; sourceTree = "<group>"; };
		6E62F26B0EFC75ABBC536306 /* CustomView.swift */ = {isa = PBXFileReference; lastKnownFileType = sourcecode.swift; path = CustomView.swift; sourceTree = "<group>"; };
		6EB9E3ACD25477A782F14650 /* AppInfo.swift */ = {isa = PBXFileReference; lastKnownFileType = sourcecode.swift; path = AppInfo.swift; sourceTree = "<group>"; };
		6FD2D7416B6AA7CE5E184223 /* vm.h */ = {isa = PBXFileReference; lastKnownFileType = sourcecode.c.h; path = vm.h; sourceTree = "<group>"; };
		71B66224C5948251B6008EC4 /* Info.plist */ = {isa = PBXFileReference; lastKnownFileType = text.plist; path = Info.plist; sourceTree = "<group>"; };
		73D525CF14505CE9B85FD317 /* FileView.swift */ = {isa = PBXFileReference; lastKnownFileType = sourcecode.swift; path = FileView.swift; sourceTree = "<group>"; };
		76499B80F81B730D6740F4B4 /* DarkBoardExploreView.swift */ = {isa = PBXFileReference; lastKnownFileType = sourcecode.swift; path = DarkBoardExploreView.swift; sourceTree = "<group>"; };
		768497842E4AA9851BF6D449 /* LICENSE_ChOma.md */ = {isa = PBXFileReference; lastKnownFileType = net.daringfireball.markdown; path = LICENSE_ChOma.md; sourceTree = "<group>"; };
		7716BA871D7E897964A49CBD /* pac.m */ = {isa = PBXFileReference; lastKnownFileType = sourcecode.c.objc; path = pac.m; sourceTree = "<group>"; };
		785FE68237A73C050C69066D /* lara.swift */ = {isa = PBXFileReference; lastKnownFileType = sourcecode.swift; path = lara.swift; sourceTree = "<group>"; };
		791AEB9809EE46375BD53FF9 /* FileStream.h */ = {isa = PBXFileReference; lastKnownFileType = sourcecode.c.h; path = FileStream.h; sourceTree = "<group>"; };
		797DFBA07DCC9320399BC99F /* apfs.m */ = {isa = PBXFileReference; lastKnownFileType = sourcecode.c.objc; path = apfs.m; sourceTree = "<group>"; };
		7A92CE7743387903DDBFFC8C /* vfs.m */ = {isa = PBXFileReference; lastKnownFileType = sourcecode.c.objc; path = vfs.m; sourceTree = "<group>"; };
		7ADF625620559A728F4B333A /* Logger.swift */ = {isa = PBXFileReference; lastKnownFileType = sourcecode.swift; path = Logger.swift; sourceTree = "<group>"; };
		7BA3C630C1E593EDD9E2D17D /* WhitelistView.swift */ = {isa = PBXFileReference; lastKnownFileType = sourcecode.swift; path = WhitelistView.swift; sourceTree = "<group>"; };
		7DBB848FB87528D0CF3FD7AD /* isdebugged.swift */ = {isa = PBXFileReference; lastKnownFileType = sourcecode.swift; path = isdebugged.swift; sourceTree = "<group>"; };
		7DC3E2446E97ECC921D3AE94 /* offsets.h */ = {isa = PBXFileReference; lastKnownFileType = sourcecode.c.h; path = offsets.h; sourceTree = "<group>"; };
		804238A057A2DF3D3EDD2D2A /* OTAView.swift */ = {isa = PBXFileReference; lastKnownFileType = sourcecode.swift; path = OTAView.swift; sourceTree = "<group>"; };
		82024AEA6B518B3DBE4DB4C3 /* ToolsView.swift */ = {isa = PBXFileReference; lastKnownFileType = sourcecode.swift; path = ToolsView.swift; sourceTree = "<group>"; };
		85027CF0242D31D84A9044B5 /* WelcomeSheetView.swift */ = {isa = PBXFileReference; lastKnownFileType = sourcecode.swift; path = WelcomeSheetView.swift; sourceTree = "<group>"; };
		856E29C9498293E1D9BB09CA /* NavigationLabel.swift */ = {isa = PBXFileReference; lastKnownFileType = sourcecode.swift; path = NavigationLabel.swift; sourceTree = "<group>"; };
		86610E6990066EDFE2B5D96B /* rc.m */ = {isa = PBXFileReference; lastKnownFileType = sourcecode.c.objc; path = rc.m; sourceTree = "<group>"; };
		87B5A7075908DD63D2DB887E /* CardView.swift */ = {isa = PBXFileReference; lastKnownFileType = sourcecode.swift; path = CardView.swift; sourceTree = "<group>"; };
		89A63DFE1599F38E1462D5C4 /* CachePatching.h */ = {isa = PBXFileReference; lastKnownFileType = sourcecode.c.h; path = CachePatching.h; sourceTree = "<group>"; };
		8B4C39921AD4AFB152FAEF11 /* isunsupported.swift */ = {isa = PBXFileReference; lastKnownFileType = sourcecode.swift; path = isunsupported.swift; sourceTree = "<group>"; };
		8D042B272B261DE4B19A7351 /* SectionPlatter.swift */ = {isa = PBXFileReference; lastKnownFileType = sourcecode.swift; path = SectionPlatter.swift; sourceTree = "<group>"; };
		8E180A1D7D4F04BBA1C018F5 /* LiquidGlassView.swift */ = {isa = PBXFileReference; lastKnownFileType = sourcecode.swift; path = LiquidGlassView.swift; sourceTree = "<group>"; };
		92C2A1D1BCFA40230A63C752 /* helpers.swift */ = {isa = PBXFileReference; lastKnownFileType = sourcecode.swift; path = helpers.swift; sourceTree = "<group>"; };
		9333BB39BB98C3DB063648A1 /* WelcomeSheetRow.swift */ = {isa = PBXFileReference; lastKnownFileType = sourcecode.swift; path = WelcomeSheetRow.swift; sourceTree = "<group>"; };
		986EBE17846F5764D1456F88 /* SettingsView.swift */ = {isa = PBXFileReference; lastKnownFileType = sourcecode.swift; path = SettingsView.swift; sourceTree = "<group>"; };
		9912C39D41DA5EB8985DBB12 /* OffsetManagementView.swift */ = {isa = PBXFileReference; lastKnownFileType = sourcecode.swift; path = OffsetManagementView.swift; sourceTree = "<group>"; };
		99CF547D66CF02B4B4DFA30C /* MachO.h */ = {isa = PBXFileReference; lastKnownFileType = sourcecode.c.h; path = MachO.h; sourceTree = "<group>"; };
		9A0DFFF78EC16693AD2A1DD1 /* dyld_cache_format.h */ = {isa = PBXFileReference; lastKnownFileType = sourcecode.c.h; path = dyld_cache_format.h; sourceTree = "<group>"; };
		9C010243976A7D404529C206 /* SantanderView.swift */ = {isa = PBXFileReference; lastKnownFileType = sourcecode.swift; path = SantanderView.swift; sourceTree = "<group>"; };
		9ECAEE9B34FB3DCF3A9756AA /* LICENSE_XPF.md */ = {isa = PBXFileReference; lastKnownFileType = net.daringfireball.markdown; path = LICENSE_XPF.md; sourceTree = "<group>"; };
		A26C03F7E7A7E75077A96423 /* PasscodeView.swift */ = {isa = PBXFileReference; lastKnownFileType = sourcecode.swift; path = PasscodeView.swift; sourceTree = "<group>"; };
		A3A220FFB44F9BE6C2DFB8D3 /* ota.h */ = {isa = PBXFileReference; lastKnownFileType = sourcecode.c.h; path = ota.h; sourceTree = "<group>"; };
		A715CAB6E1EC98EB726ED515 /* TweaksView.swift */ = {isa = PBXFileReference; lastKnownFileType = sourcecode.swift; path = TweaksView.swift; sourceTree = "<group>"; };
		A9376E035DE98BB605BE0C76 /* BufferedStream.h */ = {isa = PBXFileReference; lastKnownFileType = sourcecode.c.h; path = BufferedStream.h; sourceTree = "<group>"; };
		A9BBF565E304760414833AF4 /* respring.swift */ = {isa = PBXFileReference; lastKnownFileType = sourcecode.swift; path = respring.swift; sourceTree = "<group>"; };
		AA25AF8322F8AF8EA8DCFFF3 /* FileInfoSheet.swift */ = {isa = PBXFileReference; lastKnownFileType = sourcecode.swift; path = FileInfoSheet.swift; sourceTree = "<group>"; };
		AAAF3E2619E3D32C626EC2FA /* Base64.h */ = {isa = PBXFileReference; lastKnownFileType = sourcecode.c.h; path = Base64.h; sourceTree = "<group>"; };
		AAF0DB241A670081991552A3 /* ContentView.swift */ = {isa = PBXFileReference; lastKnownFileType = sourcecode.swift; path = ContentView.swift; sourceTree = "<group>"; };
		AB1D7F2548CF401DFC9DC9B5 /* PatchFinder_arm64.h */ = {isa = PBXFileReference; lastKnownFileType = sourcecode.c.h; path = PatchFinder_arm64.h; sourceTree = "<group>"; };
		AB6983282C48A1F9D8916495 /* DecryptView.swift */ = {isa = PBXFileReference; lastKnownFileType = sourcecode.swift; path = DecryptView.swift; sourceTree = "<group>"; };
		ACDE5186BD4FAC6C884D6EC3 /* GestaltView.swift */ = {isa = PBXFileReference; lastKnownFileType = sourcecode.swift; path = GestaltView.swift; sourceTree = "<group>"; };
		ADC09F6065726F4669F88037 /* CodeDirectory.h */ = {isa = PBXFileReference; lastKnownFileType = sourcecode.c.h; path = CodeDirectory.h; sourceTree = "<group>"; };
		AE2331E0F7B3D823CA15DF72 /* lara.png */ = {isa = PBXFileReference; lastKnownFileType = image.png; path = lara.png; sourceTree = "<group>"; };
		AECB19A4F9FC77C7B0D6365A /* DirectoryView.swift */ = {isa = PBXFileReference; lastKnownFileType = sourcecode.swift; path = DirectoryView.swift; sourceTree = "<group>"; };
		AFB9087BA044BC50F21C5AE0 /* OverlayBackground.swift */ = {isa = PBXFileReference; lastKnownFileType = sourcecode.swift; path = OverlayBackground.swift; sourceTree = "<group>"; };
		B11064A0B5EBD6B7A2D05021 /* TinyInfoPlatter.swift */ = {isa = PBXFileReference; lastKnownFileType = sourcecode.swift; path = TinyInfoPlatter.swift; sourceTree = "<group>"; };
		B1DA3FB34E314A468E26E1D9 /* DarkBoardView.swift */ = {isa = PBXFileReference; lastKnownFileType = sourcecode.swift; path = DarkBoardView.swift; sourceTree = "<group>"; };
		B2BA68871A9D11BCFDC2AE71 /* persistence.m */ = {isa = PBXFileReference; lastKnownFileType = sourcecode.c.objc; path = persistence.m; sourceTree = "<group>"; };
		B313F5BE4CA5427B76F38EAD /* ThemedHeaderLabel.swift */ = {isa = PBXFileReference; lastKnownFileType = sourcecode.swift; path = ThemedHeaderLabel.swift; sourceTree = "<group>"; };
		B447AC3664839765F3679082 /* Util.h */ = {isa = PBXFileReference; lastKnownFileType = sourcecode.c.h; path = Util.h; sourceTree = "<group>"; };
		B4D9E99A44EA3E29445991F5 /* LiquidGlassPreview.swift */ = {isa = PBXFileReference; lastKnownFileType = sourcecode.swift; path = LiquidGlassPreview.swift; sourceTree = "<group>"; };
		B5A1457B7D98C0DDC65ACC3B /* fileport.h */ = {isa = PBXFileReference; lastKnownFileType = sourcecode.c.h; path = fileport.h; sourceTree = "<group>"; };
		BB016623AE10E3896FEF50AF /* fixup-chains.h */ = {isa = PBXFileReference; lastKnownFileType = sourcecode.c.h; path = "fixup-chains.h"; sourceTree = "<group>"; };
		BE9A352A1DB7185C1B3E0CA8 /* MemoryStream.h */ = {isa = PBXFileReference; lastKnownFileType = sourcecode.c.h; path = MemoryStream.h; sourceTree = "<group>"; };
		BF1C05825EDB2BD4FDD78E0F /* TinyButtonStyle.swift */ = {isa = PBXFileReference; lastKnownFileType = sourcecode.swift; path = TinyButtonStyle.swift; sourceTree = "<group>"; };
		C1486DA5CC57449B23F1C1A8 /* InfoBadge.swift */ = {isa = PBXFileReference; lastKnownFileType = sourcecode.swift; path = InfoBadge.swift; sourceTree = "<group>"; };
		C92D97E7B28FC21CDB6394CC /* dirtyZeroView.swift */ = {isa = PBXFileReference; lastKnownFileType = sourcecode.swift; path = dirtyZeroView.swift; sourceTree = "<group>"; };
		CB0E8E3EC140E01DA032363F /* darksword.h */ = {isa = PBXFileReference; lastKnownFileType = sourcecode.c.h; path = darksword.h; sourceTree = "<group>"; };
		CBFD358E70EC405DE82C3960 /* zipmgr.swift */ = {isa = PBXFileReference; lastKnownFileType = sourcecode.swift; path = zipmgr.swift; sourceTree = "<group>"; };
		CCBDBA2B5E35715A5E9EF977 /* FontPicker.swift */ = {isa = PBXFileReference; lastKnownFileType = sourcecode.swift; path = FontPicker.swift; sourceTree = "<group>"; };
		CCE96D7B86A8F7D41967A7BC /* SBCustomizerHandler.swift */ = {isa = PBXFileReference; lastKnownFileType = sourcecode.swift; path = SBCustomizerHandler.swift; sourceTree = "<group>"; };
		CD0D193753BA74B811063956 /* fetchkcache.swift */ = {isa = PBXFileReference; lastKnownFileType = sourcecode.swift; path = fetchkcache.swift; sourceTree = "<group>"; };
		CDBEF40DFD6AA5F5A0B9433C /* LicenseView.swift */ = {isa = PBXFileReference; lastKnownFileType = sourcecode.swift; path = LicenseView.swift; sourceTree = "<group>"; };
		CDDF9E94BDE594CDE4DC0D0C /* GetLicenseDict.swift */ = {isa = PBXFileReference; lastKnownFileType = sourcecode.swift; path = GetLicenseDict.swift; sourceTree = "<group>"; };
		D2ED109B18B57340D5F23066 /* RemoteCall.m */ = {isa = PBXFileReference; lastKnownFileType = sourcecode.c.objc; path = RemoteCall.m; sourceTree = "<group>"; };
		D714CE75040A9A3A983B36BE /* vnode.h */ = {isa = PBXFileReference; lastKnownFileType = sourcecode.c.h; path = vnode.h; sourceTree = "<group>"; };
		D7767AE9E778CDC4652EE1AA /* AppsView.swift */ = {isa = PBXFileReference; lastKnownFileType = sourcecode.swift; path = AppsView.swift; sourceTree = "<group>"; };
		D7EDCF42DD25E81E04542CF0 /* TextFieldBackground.swift */ = {isa = PBXFileReference; lastKnownFileType = sourcecode.swift; path = TextFieldBackground.swift; sourceTree = "<group>"; };
		D9FC8477A5475C7F11C1E8C2 /* CacheView.swift */ = {isa = PBXFileReference; lastKnownFileType = sourcecode.swift; path = CacheView.swift; sourceTree = "<group>"; };
		DA8DA1F400219CB3E2BB0ED3 /* SpringBoardView.swift */ = {isa = PBXFileReference; lastKnownFileType = sourcecode.swift; path = SpringBoardView.swift; sourceTree = "<group>"; };
		DD123A4DC76BB7C0734B5AE9 /* darksword.m */ = {isa = PBXFileReference; lastKnownFileType = sourcecode.c.objc; path = darksword.m; sourceTree = "<group>"; };
		DDA74C1F019C21218E6CF967 /* lara.app */ = {isa = PBXFileReference; includeInIndex = 0; lastKnownFileType = wrapper.application; path = lara.app; sourceTree = BUILT_PRODUCTS_DIR; };
		DDB02794349F88F9FD65ADEE /* LinkCreditCell.swift */ = {isa = PBXFileReference; lastKnownFileType = sourcecode.swift; path = LinkCreditCell.swift; sourceTree = "<group>"; };
		DDB2DDE4EBFD521AEA126223 /* dirtyZeroTweakArray.swift */ = {isa = PBXFileReference; lastKnownFileType = sourcecode.swift; path = dirtyZeroTweakArray.swift; sourceTree = "<group>"; };
		DF63A96A2904C5BAA9C6E491 /* CCView.swift */ = {isa = PBXFileReference; lastKnownFileType = sourcecode.swift; path = CCView.swift; sourceTree = "<group>"; };
		E39629D147580074F13782D6 /* privateapi.h */ = {isa = PBXFileReference; lastKnownFileType = sourcecode.c.h; path = privateapi.h; sourceTree = "<group>"; };
		E497648156C6CAAA87EEE6CB /* DER.h */ = {isa = PBXFileReference; lastKnownFileType = sourcecode.c.h; path = DER.h; sourceTree = "<group>"; };
		E4F25FF1C3F48BDC5E6BB728 /* exc.m */ = {isa = PBXFileReference; lastKnownFileType = sourcecode.c.objc; path = exc.m; sourceTree = "<group>"; };
		E56A2ABB4902D8C97C35DF1C /* FancyButtonStyle.swift */ = {isa = PBXFileReference; lastKnownFileType = sourcecode.swift; path = FancyButtonStyle.swift; sourceTree = "<group>"; };
		E5D20EE9A5D02B2AE40EBBF1 /* LogsView.swift */ = {isa = PBXFileReference; lastKnownFileType = sourcecode.swift; path = LogsView.swift; sourceTree = "<group>"; };
		E6A7B0366B3E502209C65E24 /* xpaci.h */ = {isa = PBXFileReference; lastKnownFileType = sourcecode.c.h; path = xpaci.h; sourceTree = "<group>"; };
		E94088E0CD65B0F97BC353BA /* AppInfoCell.swift */ = {isa = PBXFileReference; lastKnownFileType = sourcecode.swift; path = AppInfoCell.swift; sourceTree = "<group>"; };
		EDC9360B2E647660F1BD443F /* offsets.m */ = {isa = PBXFileReference; lastKnownFileType = sourcecode.c.objc; path = offsets.m; sourceTree = "<group>"; };
		EDF19B2325FE621BF70AC862 /* IconServices.h */ = {isa = PBXFileReference; lastKnownFileType = sourcecode.c.h; path = IconServices.h; sourceTree = "<group>"; };
		EE48EF953CD0864CA464BAE3 /* PlainAlert.swift */ = {isa = PBXFileReference; lastKnownFileType = sourcecode.swift; path = PlainAlert.swift; sourceTree = "<group>"; };
		EF3BD740DFB941A63B1FE9D3 /* PasscodeRepoView.swift */ = {isa = PBXFileReference; lastKnownFileType = sourcecode.swift; path = PasscodeRepoView.swift; sourceTree = "<group>"; };
		F2807342CC8396EA700E7626 /* JitView.swift */ = {isa = PBXFileReference; lastKnownFileType = sourcecode.swift; path = JitView.swift; sourceTree = "<group>"; };
		F38D7E7F1709C9604A68BEC9 /* CSBlob.h */ = {isa = PBXFileReference; lastKnownFileType = sourcecode.c.h; path = CSBlob.h; sourceTree = "<group>"; };
		F4EB254782F7A19F5DB271A4 /* screentime.h */ = {isa = PBXFileReference; lastKnownFileType = sourcecode.c.h; path = screentime.h; sourceTree = "<group>"; };
		F506183C2CFD8D7D0FA1322D /* Host.h */ = {isa = PBXFileReference; lastKnownFileType = sourcecode.c.h; path = Host.h; sourceTree = "<group>"; };
		F50A3C705DF2F98AC63AA699 /* keepalive.swift */ = {isa = PBXFileReference; lastKnownFileType = sourcecode.swift; path = keepalive.swift; sourceTree = "<group>"; };
		F6D6CB952FC4C65F5FB543A5 /* islcinstalled.swift */ = {isa = PBXFileReference; lastKnownFileType = sourcecode.swift; path = islcinstalled.swift; sourceTree = "<group>"; };
		F742E837A76B006F367ABC15 /* PatchFinder.h */ = {isa = PBXFileReference; lastKnownFileType = sourcecode.c.h; path = PatchFinder.h; sourceTree = "<group>"; };
		F7BDDFA67F1109816C300F1E /* sbx.m */ = {isa = PBXFileReference; lastKnownFileType = sourcecode.c.objc; path = sbx.m; sourceTree = "<group>"; };
		FA7E2153C056C5EA2C6A6787 /* TerminalHeader.swift */ = {isa = PBXFileReference; lastKnownFileType = sourcecode.swift; path = TerminalHeader.swift; sourceTree = "<group>"; };
		FC1E023273418CB9CB879FFF /* FadeAnimation.swift */ = {isa = PBXFileReference; lastKnownFileType = sourcecode.swift; path = FadeAnimation.swift; sourceTree = "<group>"; };
		FC6F541C56EDB4F0D04D7442 /* LICENSE_RootHideManagerApp.md */ = {isa = PBXFileReference; lastKnownFileType = net.daringfireball.markdown; path = LICENSE_RootHideManagerApp.md; sourceTree = "<group>"; };
		FEA8884199D9A76305CFBFB7 /* TextFieldButton.swift */ = {isa = PBXFileReference; lastKnownFileType = sourcecode.swift; path = TextFieldButton.swift; sourceTree = "<group>"; };
/* End PBXFileReference section */

/* Begin PBXFrameworksBuildPhase section */
		92D7CDDCADFED6C34D64592B /* Frameworks */ = {
			isa = PBXFrameworksBuildPhase;
			buildActionMask = 2147483647;
			files = (
				E00CFE2CBC61E2E5233364E0 /* UIKit.framework in Frameworks */,
				49DB0B440857E7DE5A2B0BE2 /* Foundation.framework in Frameworks */,
			);
			runOnlyForDeploymentPostprocessing = 0;
		};
/* End PBXFrameworksBuildPhase section */

/* Begin PBXGroup section */
		0731B4811AB8A4261C149BD3 /* Inputs */ = {
			isa = PBXGroup;
			children = (
				43CAECD4EC49FE81132CCC5C /* PlainToggle.swift */,
				0129BE13FBF985411B747C2A /* PlatterToggle.swift */,
				D7EDCF42DD25E81E04542CF0 /* TextFieldBackground.swift */,
				FEA8884199D9A76305CFBFB7 /* TextFieldButton.swift */,
			);
			path = Inputs;
			sourceTree = "<group>";
		};
		07BAC61DA1B8AB72CF48FFA8 /* TaskRop */ = {
			isa = PBXGroup;
			children = (
				2F2ABD3A4DC9796E9FFDD962 /* exc.h */,
				E4F25FF1C3F48BDC5E6BB728 /* exc.m */,
				63638FA82C9DE5B6CFE2B370 /* findcachedataoff.m */,
				2329A0992D4982D4E144AB75 /* pac.h */,
				7716BA871D7E897964A49CBD /* pac.m */,
				E39629D147580074F13782D6 /* privateapi.h */,
				18E32A7D29C4903FCC4F9BF3 /* RemoteCall.h */,
				D2ED109B18B57340D5F23066 /* RemoteCall.m */,
				47A521EB489F34847F77161C /* thread.h */,
				69CB9CC7CA7C437D5204AD77 /* thread.m */,
				6FD2D7416B6AA7CE5E184223 /* vm.h */,
				2046AE855EEB1C6D361886E0 /* vm.m */,
			);
			path = TaskRop;
			sourceTree = "<group>";
		};
		096D912C986A1ECDD4AE9C57 /* broken */ = {
			isa = PBXGroup;
			children = (
				DF63A96A2904C5BAA9C6E491 /* CCView.swift */,
				97E7B95F214CEA3C04F0AC58 /* darkboard */,
			);
			path = broken;
			sourceTree = "<group>";
		};
		09B6EF0B45C55F479407D990 /* Terminal */ = {
			isa = PBXGroup;
			children = (
				FA7E2153C056C5EA2C6A6787 /* TerminalHeader.swift */,
				109F3589876ADE5C6E415581 /* TerminalPlatter.swift */,
			);
			path = Terminal;
			sourceTree = "<group>";
		};
		0D159B4E42377C38FDD14E18 /* tweaks */ = {
			isa = PBXGroup;
			children = (
				D7767AE9E778CDC4652EE1AA /* AppsView.swift */,
				87B5A7075908DD63D2DB887E /* CardView.swift */,
				6E62F26B0EFC75ABBC536306 /* CustomView.swift */,
				AB6983282C48A1F9D8916495 /* DecryptView.swift */,
				CCBDBA2B5E35715A5E9EF977 /* FontPicker.swift */,
				F2807342CC8396EA700E7626 /* JitView.swift */,
				804238A057A2DF3D3EDD2D2A /* OTAView.swift */,
				3FDA4A99A12D2CB225EB22B5 /* RemoteView.swift */,
				53B421ED314818DD280CCB40 /* ScreenTimeView.swift */,
				52820EE5F1FB5FE56093F4E7 /* SystemColor.swift */,
				82024AEA6B518B3DBE4DB4C3 /* ToolsView.swift */,
				A715CAB6E1EC98EB726ED515 /* TweaksView.swift */,
				504D22E7D14EDDCBB8ED9F44 /* VarCleanView.swift */,
				7BA3C630C1E593EDD9E2D17D /* WhitelistView.swift */,
				096D912C986A1ECDD4AE9C57 /* broken */,
				CC3F4FD5D2CE6BFA7AF5CA75 /* cacheclean */,
				F1B195CE1E819A5C7256ED05 /* dirtyZero */,
				94239040D8A11FC1A668FCE4 /* liquidglass */,
				8855FA399F2E0D870F89E63A /* mobilegestalt */,
				1CF2706A6E532F38D6DD625F /* passcode */,
				BCB9166DBD1D0FB1A634265E /* sbcustomizer */,
			);
			path = tweaks;
			sourceTree = "<group>";
		};
		0E9B667B7F6DF2F65554368C /* app */ = {
			isa = PBXGroup;
			children = (
				AAF0DB241A670081991552A3 /* ContentView.swift */,
				E5D20EE9A5D02B2AE40EBBF1 /* LogsView.swift */,
				A89E6CF98559C612AA19E5CE /* settings */,
			);
			path = app;
			sourceTree = "<group>";
		};
		1CF2706A6E532F38D6DD625F /* passcode */ = {
			isa = PBXGroup;
			children = (
				1192B4ADC758F2FBE26A883A /* PasscodeExploreView.swift */,
				EF3BD740DFB941A63B1FE9D3 /* PasscodeRepoView.swift */,
				A26C03F7E7A7E75077A96423 /* PasscodeView.swift */,
			);
			path = passcode;
			sourceTree = "<group>";
		};
		201E76134F22499BFD3DF53F /* Buttons */ = {
			isa = PBXGroup;
			children = (
				2F7F05561895AF15477C59D9 /* ButtonLabel.swift */,
				E56A2ABB4902D8C97C35DF1C /* FancyButtonStyle.swift */,
				856E29C9498293E1D9BB09CA /* NavigationLabel.swift */,
				4520C39A67B4B53F2535B2FC /* PrimaryButtonStyle.swift */,
				BF1C05825EDB2BD4FDD78E0F /* TinyButtonStyle.swift */,
				35F4A280C5EAA61F467BEB2F /* TranslucentButtonStyle.swift */,
			);
			path = Buttons;
			sourceTree = "<group>";
		};
		23942EEA65BBA190D901B7D2 /* choma */ = {
			isa = PBXGroup;
			children = (
				6C46703C2B4072AEF8703349 /* arm64.h */,
				AAAF3E2619E3D32C626EC2FA /* Base64.h */,
				A9376E035DE98BB605BE0C76 /* BufferedStream.h */,
				89A63DFE1599F38E1462D5C4 /* CachePatching.h */,
				ADC09F6065726F4669F88037 /* CodeDirectory.h */,
				F38D7E7F1709C9604A68BEC9 /* CSBlob.h */,
				E497648156C6CAAA87EEE6CB /* DER.h */,
				9A0DFFF78EC16693AD2A1DD1 /* dyld_cache_format.h */,
				1C129CE3C337B3F24408FAE2 /* DyldSharedCache.h */,
				3C989876DB6E112F7F3C3698 /* Entitlements.h */,
				09A16D0CCA129CD34402ACAB /* Fat.h */,
				791AEB9809EE46375BD53FF9 /* FileStream.h */,
				BB016623AE10E3896FEF50AF /* fixup-chains.h */,
				F506183C2CFD8D7D0FA1322D /* Host.h */,
				99CF547D66CF02B4B4DFA30C /* MachO.h */,
				3F975F92D7C580260B59024B /* MachOByteOrder.h */,
				69469C9463D12D344AD3B00F /* MachOLoadCommand.h */,
				BE9A352A1DB7185C1B3E0CA8 /* MemoryStream.h */,
				AB1D7F2548CF401DFC9DC9B5 /* PatchFinder_arm64.h */,
				F742E837A76B006F367ABC15 /* PatchFinder.h */,
				B447AC3664839765F3679082 /* Util.h */,
			);
			path = choma;
			sourceTree = "<group>";
		};
		48AB90CB037F435485C6047D /* Settings */ = {
			isa = PBXGroup;
			children = (
				E94088E0CD65B0F97BC353BA /* AppInfoCell.swift */,
				CDDF9E94BDE594CDE4DC0D0C /* GetLicenseDict.swift */,
				CDBEF40DFD6AA5F5A0B9433C /* LicenseView.swift */,
				DDB02794349F88F9FD65ADEE /* LinkCreditCell.swift */,
			);
			path = Settings;
			sourceTree = "<group>";
		};
		4A3D6651E821914BC1DA4474 /* Indicators */ = {
			isa = PBXGroup;
			children = (
				28A34DEE4E3F623EFF26BA57 /* CompactAlert.swift */,
				C1486DA5CC57449B23F1C1A8 /* InfoBadge.swift */,
				EE48EF953CD0864CA464BAE3 /* PlainAlert.swift */,
				B11064A0B5EBD6B7A2D05021 /* TinyInfoPlatter.swift */,
			);
			path = Indicators;
			sourceTree = "<group>";
		};
		4BE43909AB102BC654C3AA36 /* lara */ = {
			isa = PBXGroup;
			children = (
				71B66224C5948251B6008EC4 /* Info.plist */,
				33D532921D34FC69522B5905 /* lara-Bridging-Header.h */,
				785FE68237A73C050C69066D /* lara.swift */,
				E6D45AD3A84FDFFB26A63642 /* assets */,
				761E02C29DBA3FA091780A05 /* classes */,
				BD4923F18700F649F4B199C9 /* funcs */,
				B8439178F75BD677E46A1DE7 /* headers */,
				9FC4F095CD4B29F2EBA790C6 /* kexploit */,
				F0B17F0CA82330A26B5CAE4B /* lib */,
				BA72AA8D35B0D97633C2BF5E /* licenses */,
				EC0774E5B4020C4D885431BC /* other */,
				9D63227FDF3FDE8908661A7D /* PartyUI */,
				D70718477881BA82E605FF53 /* views */,
			);
			path = lara;
			sourceTree = "<group>";
		};
		4CFE8C17A9569842AF2EDD4E /* darkboard */ = {
			isa = PBXGroup;
			children = (
				51C4D580D4A8686D1CAF25E4 /* IconCacheClearer.m */,
				50BE8150155CA9C3A965F3D4 /* IconThemeGalleryManager.swift */,
				313B84568EEAB9B642F60011 /* IconThemeManager.swift */,
			);
			path = darkboard;
			sourceTree = "<group>";
		};
		72729D505A51BDFC8C55A1D9 /* Frameworks */ = {
			isa = PBXGroup;
			children = (
				039D284F496260AA52986467 /* Foundation.framework */,
				410B1EDE3D870185074F65BC /* UIKit.framework */,
			);
			name = Frameworks;
			sourceTree = "<group>";
		};
		73E8616A7EF5B51A92B29E54 /* Lists */ = {
			isa = PBXGroup;
			children = (
				02E20075BF872BFD95EB0A6E /* HeaderDropdown.swift */,
				2DD56EBEFF013417C64A6488 /* HeaderLabel.swift */,
				8D042B272B261DE4B19A7351 /* SectionPlatter.swift */,
				B313F5BE4CA5427B76F38EAD /* ThemedHeaderLabel.swift */,
			);
			path = Lists;
			sourceTree = "<group>";
		};
		761E02C29DBA3FA091780A05 /* classes */ = {
			isa = PBXGroup;
			children = (
				2CCACDCDA8A98A3AB0DD4B34 /* laramgr.swift */,
				7ADF625620559A728F4B333A /* Logger.swift */,
				6230613E1604EF6D325BEB2A /* VarCleanBridge.m */,
				CBFD358E70EC405DE82C3960 /* zipmgr.swift */,
				860A585202C20E00C82C419C /* tweaks */,
			);
			path = classes;
			sourceTree = "<group>";
		};
		7814074F0998A8D980C3CBF8 /* other */ = {
			isa = PBXGroup;
			children = (
				A9BBF565E304760414833AF4 /* respring.swift */,
			);
			path = other;
			sourceTree = "<group>";
		};
		7BD2299CAA022F5E87524835 /* Products */ = {
			isa = PBXGroup;
			children = (
				DDA74C1F019C21218E6CF967 /* lara.app */,
			);
			name = Products;
			sourceTree = "<group>";
		};
		7F048C9DF00CA2EEB9135FFF /* Effects */ = {
			isa = PBXGroup;
			children = (
				FC1E023273418CB9CB879FFF /* FadeAnimation.swift */,
				AFB9087BA044BC50F21C5AE0 /* OverlayBackground.swift */,
			);
			path = Effects;
			sourceTree = "<group>";
		};
		860A585202C20E00C82C419C /* tweaks */ = {
			isa = PBXGroup;
			children = (
				4CFE8C17A9569842AF2EDD4E /* darkboard */,
				9CA94EDD3BE9DDBB6B279DCA /* passcode */,
			);
			path = tweaks;
			sourceTree = "<group>";
		};
		8855FA399F2E0D870F89E63A /* mobilegestalt */ = {
			isa = PBXGroup;
			children = (
				05AF074004C8A6B2B588FC91 /* GestaltFileView.swift */,
				ACDE5186BD4FAC6C884D6EC3 /* GestaltView.swift */,
			);
			path = mobilegestalt;
			sourceTree = "<group>";
		};
		93732F3C530FBFCDA46E1FCE /* Functions */ = {
			isa = PBXGroup;
			children = (
				1D1585E8B42B2495142BE67E /* Alertinator.swift */,
				06481EFAF5F2217FAAF5763B /* Exitinator.swift */,
				37FB4792E60B4F968016E9C6 /* Hapticinator.swift */,
				4759F640E231F564F06DB0F5 /* Shareinator.swift */,
			);
			path = Functions;
			sourceTree = "<group>";
		};
		94239040D8A11FC1A668FCE4 /* liquidglass */ = {
			isa = PBXGroup;
			children = (
				B4D9E99A44EA3E29445991F5 /* LiquidGlassPreview.swift */,
				8E180A1D7D4F04BBA1C018F5 /* LiquidGlassView.swift */,
			);
			path = liquidglass;
			sourceTree = "<group>";
		};
		97E7B95F214CEA3C04F0AC58 /* darkboard */ = {
			isa = PBXGroup;
			children = (
				76499B80F81B730D6740F4B4 /* DarkBoardExploreView.swift */,
				B1DA3FB34E314A468E26E1D9 /* DarkBoardView.swift */,
			);
			path = darkboard;
			sourceTree = "<group>";
		};
		9CA94EDD3BE9DDBB6B279DCA /* passcode */ = {
			isa = PBXGroup;
			children = (
				67D100779B0FB585D07A7A01 /* PasscodeGalleryManager.swift */,
			);
			path = passcode;
			sourceTree = "<group>";
		};
		9D63227FDF3FDE8908661A7D /* PartyUI */ = {
			isa = PBXGroup;
			children = (
				448609047BB8D112B7E99BFA /* PartyUI.swift */,
				CCCE9A5AD37D20741B82ADB9 /* App */,
				C6CEB364F2625B0EF49D1447 /* UI */,
			);
			path = PartyUI;
			sourceTree = "<group>";
		};
		9FC4F095CD4B29F2EBA790C6 /* kexploit */ = {
			isa = PBXGroup;
			children = (
				0B1831D0D49F9245F54EBDC6 /* compat.h */,
				CB0E8E3EC140E01DA032363F /* darksword.h */,
				DD123A4DC76BB7C0734B5AE9 /* darksword.m */,
				4A33766163693DFAA30D772A /* decrypt.h */,
				339B1CF19AFA09E650FAB6E6 /* decrypt.m */,
				7DC3E2446E97ECC921D3AE94 /* offsets.h */,
				EDC9360B2E647660F1BD443F /* offsets.m */,
				A3A220FFB44F9BE6C2DFB8D3 /* ota.h */,
				629153B59D4C44844AE0B04F /* ota.m */,
				617E864CD832D1D3839429F0 /* persistence.h */,
				B2BA68871A9D11BCFDC2AE71 /* persistence.m */,
				F4EB254782F7A19F5DB271A4 /* screentime.h */,
				3FE05E69C027F81699504C0E /* screentime.m */,
				206327D869325194A5015A1B /* utils.h */,
				5A300D3F6ED3397BE1E6AD87 /* utils.m */,
				C6122EC473A3A57510124B02 /* pe */,
				07BAC61DA1B8AB72CF48FFA8 /* TaskRop */,
			);
			path = kexploit;
			sourceTree = "<group>";
		};
		A5B06BC43186EA1E4D25299F = {
			isa = PBXGroup;
			children = (
				4BE43909AB102BC654C3AA36 /* lara */,
				72729D505A51BDFC8C55A1D9 /* Frameworks */,
				7BD2299CAA022F5E87524835 /* Products */,
			);
			sourceTree = "<group>";
		};
		A89E6CF98559C612AA19E5CE /* settings */ = {
			isa = PBXGroup;
			children = (
				61F528F680617A48C3CAB181 /* CreditsView.swift */,
				9912C39D41DA5EB8985DBB12 /* OffsetManagementView.swift */,
				986EBE17846F5764D1456F88 /* SettingsView.swift */,
			);
			path = settings;
			sourceTree = "<group>";
		};
		B8439178F75BD677E46A1DE7 /* headers */ = {
			isa = PBXGroup;
			children = (
				B5A1457B7D98C0DDC65ACC3B /* fileport.h */,
				EDF19B2325FE621BF70AC862 /* IconServices.h */,
				324F7561FC82CAA514198CEB /* libgrabkernel2.h */,
				51BF1E07A44069A4B21B39EE /* xpf.h */,
			);
			path = headers;
			sourceTree = "<group>";
		};
		B96F95013D086604AB0F746C /* fm */ = {
			isa = PBXGroup;
			children = (
				AECB19A4F9FC77C7B0D6365A /* DirectoryView.swift */,
				AA25AF8322F8AF8EA8DCFFF3 /* FileInfoSheet.swift */,
				2802001733517E9C6F44ADDE /* FileSystemHelpers.swift */,
				73D525CF14505CE9B85FD317 /* FileView.swift */,
				9C010243976A7D404529C206 /* SantanderView.swift */,
			);
			path = fm;
			sourceTree = "<group>";
		};
		BA72AA8D35B0D97633C2BF5E /* licenses */ = {
			isa = PBXGroup;
			children = (
				768497842E4AA9851BF6D449 /* LICENSE_ChOma.md */,
				271735A3F681764690EA9704 /* LICENSE_libgrabkernel2.md */,
				FC6F541C56EDB4F0D04D7442 /* LICENSE_RootHideManagerApp.md */,
				9ECAEE9B34FB3DCF3A9756AA /* LICENSE_XPF.md */,
			);
			path = licenses;
			sourceTree = "<group>";
		};
		BCB9166DBD1D0FB1A634265E /* sbcustomizer */ = {
			isa = PBXGroup;
			children = (
				CCE96D7B86A8F7D41967A7BC /* SBCustomizerHandler.swift */,
				DA8DA1F400219CB3E2BB0ED3 /* SpringBoardView.swift */,
			);
			path = sbcustomizer;
			sourceTree = "<group>";
		};
		BD4923F18700F649F4B199C9 /* funcs */ = {
			isa = PBXGroup;
			children = (
				CD0D193753BA74B811063956 /* fetchkcache.swift */,
				4091B993EEB2CE55D9340FD1 /* getbmhash.swift */,
				92C2A1D1BCFA40230A63C752 /* helpers.swift */,
				7DBB848FB87528D0CF3FD7AD /* isdebugged.swift */,
				F6D6CB952FC4C65F5FB543A5 /* islcinstalled.swift */,
				8B4C39921AD4AFB152FAEF11 /* isunsupported.swift */,
				F50A3C705DF2F98AC63AA699 /* keepalive.swift */,
				3B986733D3F9E2A85C6B4DB7 /* resizetoapprox.swift */,
			);
			path = funcs;
			sourceTree = "<group>";
		};
		C6122EC473A3A57510124B02 /* pe */ = {
			isa = PBXGroup;
			children = (
				5C21F0DFD8E929D2ADD2FFE8 /* apfs.h */,
				797DFBA07DCC9320399BC99F /* apfs.m */,
				09BE5060F2C9DFD730796B7E /* rc.h */,
				86610E6990066EDFE2B5D96B /* rc.m */,
				3450D579B9EF6D1B24EA44AB /* sbx.h */,
				F7BDDFA67F1109816C300F1E /* sbx.m */,
				33FAD74D2D09DFD7CF1985FA /* vfs.h */,
				7A92CE7743387903DDBFFC8C /* vfs.m */,
				D714CE75040A9A3A983B36BE /* vnode.h */,
				09E09CADCF84F1D6D51E5F20 /* vnode.m */,
				E6A7B0366B3E502209C65E24 /* xpaci.h */,
			);
			path = pe;
			sourceTree = "<group>";
		};
		C6CEB364F2625B0EF49D1447 /* UI */ = {
			isa = PBXGroup;
			children = (
				6DDC13CBAF6359B957D0E46D /* DesignStyle.swift */,
				201E76134F22499BFD3DF53F /* Buttons */,
				7F048C9DF00CA2EEB9135FFF /* Effects */,
				4A3D6651E821914BC1DA4474 /* Indicators */,
				0731B4811AB8A4261C149BD3 /* Inputs */,
				73E8616A7EF5B51A92B29E54 /* Lists */,
				09B6EF0B45C55F479407D990 /* Terminal */,
			);
			path = UI;
			sourceTree = "<group>";
		};
		CC3F4FD5D2CE6BFA7AF5CA75 /* cacheclean */ = {
			isa = PBXGroup;
			children = (
				47C01D0EB86F1B88E473FBD6 /* BundleResolver.swift */,
				D9FC8477A5475C7F11C1E8C2 /* CacheView.swift */,
			);
			path = cacheclean;
			sourceTree = "<group>";
		};
		CCCE9A5AD37D20741B82ADB9 /* App */ = {
			isa = PBXGroup;
			children = (
				6EB9E3ACD25477A782F14650 /* AppInfo.swift */,
				CED7197ED6E1E06C45D4927C /* Extensions */,
				93732F3C530FBFCDA46E1FCE /* Functions */,
				48AB90CB037F435485C6047D /* Settings */,
				F8BF389C000C82BE834B7E80 /* WelcomeSheet */,
			);
			path = App;
			sourceTree = "<group>";
		};
		CED7197ED6E1E06C45D4927C /* Extensions */ = {
			isa = PBXGroup;
			children = (
				050CB7412FCEE07695ABA92A /* VariableBlur.swift */,
			);
			path = Extensions;
			sourceTree = "<group>";
		};
		D70718477881BA82E605FF53 /* views */ = {
			isa = PBXGroup;
			children = (
				0E9B667B7F6DF2F65554368C /* app */,
				B96F95013D086604AB0F746C /* fm */,
				7814074F0998A8D980C3CBF8 /* other */,
				0D159B4E42377C38FDD14E18 /* tweaks */,
			);
			path = views;
			sourceTree = "<group>";
		};
		E6D45AD3A84FDFFB26A63642 /* assets */ = {
			isa = PBXGroup;
			children = (
				AE2331E0F7B3D823CA15DF72 /* lara.png */,
			);
			path = assets;
			sourceTree = "<group>";
		};
		EC0774E5B4020C4D885431BC /* other */ = {
			isa = PBXGroup;
			children = (
				48E6FC849E553C68E397984C /* lara.entitlements */,
				68FA57A36233679708C5E468 /* media.xcassets */,
				60E947B3676E84C6A668511C /* VarCleanRules.json */,
			);
			path = other;
			sourceTree = "<group>";
		};
		F0B17F0CA82330A26B5CAE4B /* lib */ = {
			isa = PBXGroup;
			children = (
				2A8B286F9EE44EE34D17CFC5 /* libgrabkernel2.dylib */,
				6337EE02AC0706717DFA252A /* libxpf.dylib */,
				23942EEA65BBA190D901B7D2 /* choma */,
			);
			path = lib;
			sourceTree = "<group>";
		};
		F1B195CE1E819A5C7256ED05 /* dirtyZero */ = {
			isa = PBXGroup;
			children = (
				DDB2DDE4EBFD521AEA126223 /* dirtyZeroTweakArray.swift */,
				C92D97E7B28FC21CDB6394CC /* dirtyZeroView.swift */,
			);
			path = dirtyZero;
			sourceTree = "<group>";
		};
		F8BF389C000C82BE834B7E80 /* WelcomeSheet */ = {
			isa = PBXGroup;
			children = (
				9333BB39BB98C3DB063648A1 /* WelcomeSheetRow.swift */,
				85027CF0242D31D84A9044B5 /* WelcomeSheetView.swift */,
			);
			path = WelcomeSheet;
			sourceTree = "<group>";
		};
/* End PBXGroup section */

/* Begin PBXNativeTarget section */
		43B2FBC647F5572D66195ACC /* lara */ = {
			isa = PBXNativeTarget;
			buildConfigurationList = 97B7DC73658626C9634EAD09 /* Build configuration list for PBXNativeTarget "lara" */;
			buildPhases = (
				54B87CC8872FB71C6B762155 /* Sources */,
				D1776FCFD86F3CDA993F46E9 /* Resources */,
				92D7CDDCADFED6C34D64592B /* Frameworks */,
			);
			buildRules = (
			);
			dependencies = (
			);
			name = lara;
			packageProductDependencies = (
			);
			productName = lara;
			productReference = DDA74C1F019C21218E6CF967 /* lara.app */;
			productType = "com.apple.product-type.application";
		};
/* End PBXNativeTarget section */

/* Begin PBXProject section */
		C2C95BFA5DD3CFA4D4DD34CD /* Project object */ = {
			isa = PBXProject;
			attributes = {
				BuildIndependentTargetsInParallel = YES;
				LastUpgradeCheck = 1430;
				TargetAttributes = {
				};
			};
			buildConfigurationList = 0834245AF38D531999A6377B /* Build configuration list for PBXProject "lara" */;
			developmentRegion = en;
			hasScannedForEncodings = 0;
			knownRegions = (
				Base,
				en,
			);
			mainGroup = A5B06BC43186EA1E4D25299F;
			minimizedProjectReferenceProxies = 1;
			preferredProjectObjectVersion = 77;
			productRefGroup = 7BD2299CAA022F5E87524835 /* Products */;
			projectDirPath = "";
			projectRoot = "";
			targets = (
				43B2FBC647F5572D66195ACC /* lara */,
			);
		};
/* End PBXProject section */

/* Begin PBXResourcesBuildPhase section */
		D1776FCFD86F3CDA993F46E9 /* Resources */ = {
			isa = PBXResourcesBuildPhase;
			buildActionMask = 2147483647;
			files = (
				4FE1F87BC6BBA0D61C1EEE61 /* LICENSE_ChOma.md in Resources */,
				677658A1FE00F5F6053161EF /* LICENSE_RootHideManagerApp.md in Resources */,
				8754465D55F18472D423F2ED /* LICENSE_XPF.md in Resources */,
				537218DC30DE8D530D1BD721 /* LICENSE_libgrabkernel2.md in Resources */,
				54E4B6C8B10496B4B926C6FA /* VarCleanRules.json in Resources */,
				39599D8458A706916C841578 /* lara.png in Resources */,
				4B6E8402EE79EBB8F80FA9D7 /* libgrabkernel2.dylib in Resources */,
				DBD58B6C966B944E3C556346 /* libxpf.dylib in Resources */,
				3DA8A9AD80838F3C532AF752 /* media.xcassets in Resources */,
			);
			runOnlyForDeploymentPostprocessing = 0;
		};
/* End PBXResourcesBuildPhase section */

/* Begin PBXSourcesBuildPhase section */
		54B87CC8872FB71C6B762155 /* Sources */ = {
			isa = PBXSourcesBuildPhase;
			buildActionMask = 2147483647;
			files = (
				230AA7324F04E510E79AE503 /* Alertinator.swift in Sources */,
				937AA3D075834BA4A4E096AC /* AppInfo.swift in Sources */,
				B4A900BFCF3DFFE71F7C66E4 /* AppInfoCell.swift in Sources */,
				70B155F658E85996D9D047D8 /* AppsView.swift in Sources */,
				42806A1E5FDBBC158C4A6811 /* BundleResolver.swift in Sources */,
				34FE8D7A19990AEA7A5E4156 /* ButtonLabel.swift in Sources */,
				EE8E8D088FEAD6AB0E9F14B2 /* CCView.swift in Sources */,
				8C42BE9EF29CE41DBFD196B3 /* CacheView.swift in Sources */,
				69AC26CBBCC7EBB2843DDED1 /* CardView.swift in Sources */,
				7F2F1534A472DE34BDE357F4 /* CompactAlert.swift in Sources */,
				066933B35D22C62FE6FC9F6A /* ContentView.swift in Sources */,
				43A908C0EFBB371510C4F8A0 /* CreditsView.swift in Sources */,
				645CDC6475859E617180EEAF /* CustomView.swift in Sources */,
				5440353CDE315B9316AA7445 /* DarkBoardExploreView.swift in Sources */,
				D6BDB394E381CB4F10D15051 /* DarkBoardView.swift in Sources */,
				51FAAEDC24E662A924A722A5 /* DecryptView.swift in Sources */,
				C3131609D02F304F291B4CB9 /* DesignStyle.swift in Sources */,
				6302DAE0DC6008A78FEA75D2 /* DirectoryView.swift in Sources */,
				2C3A57EFD938F70B1678C648 /* Exitinator.swift in Sources */,
				E6E8BEA53C0EBE9728036710 /* FadeAnimation.swift in Sources */,
				8A5ECC3E2AB3B5DA4FFB4817 /* FancyButtonStyle.swift in Sources */,
				BCE7136785F9DBE87C65D58C /* FileInfoSheet.swift in Sources */,
				09EABA93BB9102BD4F9D1FFC /* FileSystemHelpers.swift in Sources */,
				BE4A482E5A1DD70606B1C211 /* FileView.swift in Sources */,
				A1BBCE64F06D8B34D745AD6C /* FontPicker.swift in Sources */,
				D58CD0FF97C499475D52432F /* GestaltFileView.swift in Sources */,
				ED67001D1F5DC6D2CECEC34A /* GestaltView.swift in Sources */,
				2297FFBFFDD91202E8919BDC /* GetLicenseDict.swift in Sources */,
				08B9D3D2BA039407C8A13919 /* Hapticinator.swift in Sources */,
				CBB7E70304875E1C3E48B622 /* HeaderDropdown.swift in Sources */,
				863B00B4A39A45D832C397C6 /* HeaderLabel.swift in Sources */,
				820EB2ED4221DA83342F2024 /* IconCacheClearer.m in Sources */,
				236529F75FB8F6748C15FC90 /* IconThemeGalleryManager.swift in Sources */,
				1C1446147E04DCEE203EBC04 /* IconThemeManager.swift in Sources */,
				2EB4DBFF3C9E9A772B965E36 /* InfoBadge.swift in Sources */,
				A6D7EEDB65FEFE06181131B4 /* JitView.swift in Sources */,
				70CE8021C85452A4741A89F9 /* LicenseView.swift in Sources */,
				6582BD9ADC3581308C4A5176 /* LinkCreditCell.swift in Sources */,
				11A4639A5AA18324DE6F8273 /* LiquidGlassPreview.swift in Sources */,
				7F1AFB173CB7104A16F670C7 /* LiquidGlassView.swift in Sources */,
				05C179E4E9D7715899A91E64 /* Logger.swift in Sources */,
				496F8339ED0EA575FC49B6AB /* LogsView.swift in Sources */,
				D9513AB0989670D18E2C4B7C /* NavigationLabel.swift in Sources */,
				7D90FABB530CED8DC9486DA8 /* OTAView.swift in Sources */,
				BA3AACAE9F2E6C279E992A95 /* OffsetManagementView.swift in Sources */,
				FB2F000461380ED91E36B683 /* OverlayBackground.swift in Sources */,
				E5A3C41959D8E63088FBF3B7 /* PartyUI.swift in Sources */,
				7FE3DDE3E0F26C4DBED76107 /* PasscodeExploreView.swift in Sources */,
				F916C0DE09CD8E2AAC3B7038 /* PasscodeGalleryManager.swift in Sources */,
				8F9A25EA7568AAA2730DD2B8 /* PasscodeRepoView.swift in Sources */,
				836F219F9D750E2D10CFF90A /* PasscodeView.swift in Sources */,
				507A89D7CE70F34E2CF13B90 /* PlainAlert.swift in Sources */,
				05122284F8EA7A7FD17CB414 /* PlainToggle.swift in Sources */,
				70E9C02380E1D423B9CF7903 /* PlatterToggle.swift in Sources */,
				30583B6890DEABEFDC08AF12 /* PrimaryButtonStyle.swift in Sources */,
				EBA31C6E804BDF054E85BF5D /* RemoteCall.m in Sources */,
				930A9F36360B4B3D57259B9D /* RemoteView.swift in Sources */,
				F67A23CB1296B254798B161A /* SBCustomizerHandler.swift in Sources */,
				7803CCA219A265C3AA594502 /* SantanderView.swift in Sources */,
				7A61CEA33968AD9DA34ADFA4 /* ScreenTimeView.swift in Sources */,
				BE23188A75B1E8C1CAF64359 /* SectionPlatter.swift in Sources */,
				BC74665F87D33C51DC6F516C /* SettingsView.swift in Sources */,
				0AFFD027EF12822CAF73F782 /* Shareinator.swift in Sources */,
				058FCBD9DA179A2D934E1861 /* SpringBoardView.swift in Sources */,
				B494B779C996B17E3D9CFACB /* SystemColor.swift in Sources */,
				688F4C39AF880CE320E1941C /* TerminalHeader.swift in Sources */,
				34195E6370562AAA6B17AD6F /* TerminalPlatter.swift in Sources */,
				13129643BE3233EFC0EF6031 /* TextFieldBackground.swift in Sources */,
				13F0035F8E6987F64CD2D687 /* TextFieldButton.swift in Sources */,
				39E784159308C78E9FD8E9FD /* ThemedHeaderLabel.swift in Sources */,
				27E943E0996A32EA9B49236D /* TinyButtonStyle.swift in Sources */,
				7B3F13562B7C25359296835C /* TinyInfoPlatter.swift in Sources */,
				196DC3DB0EAC0E7E265E6B01 /* ToolsView.swift in Sources */,
				403B42B0892F17F79B44252F /* TranslucentButtonStyle.swift in Sources */,
				CBE8D15F680BB6325D10D228 /* TweaksView.swift in Sources */,
				D16210B6098D7F0D63D20C4C /* VarCleanBridge.m in Sources */,
				D1F0BD55C7EFF7BAD76C041D /* VarCleanView.swift in Sources */,
				DE00903ACCA0FA0A8F3A2DA5 /* VariableBlur.swift in Sources */,
				BDBFA0195D26B6850BC5DC5E /* WelcomeSheetRow.swift in Sources */,
				65870485C62AC1B36636C4D8 /* WelcomeSheetView.swift in Sources */,
				4F96693F5A441361CB77741E /* WhitelistView.swift in Sources */,
				F3A6E82C953937E99AA0550E /* apfs.m in Sources */,
				9F92D924C09344269A8AF11D /* darksword.m in Sources */,
				182C270EFDABCE79D154FAF7 /* decrypt.m in Sources */,
				88F3821D6C159B9D6444C269 /* dirtyZeroTweakArray.swift in Sources */,
				D85FA9C14ADF248F12BB0BCE /* dirtyZeroView.swift in Sources */,
				BB429E7BE7E200DF6AA18E76 /* exc.m in Sources */,
				A078DD2B7C8A8DF1B4D84F52 /* fetchkcache.swift in Sources */,
				A999A1BBFB874C96968CA82E /* findcachedataoff.m in Sources */,
				4D43CBA89C370995C3DC15A0 /* getbmhash.swift in Sources */,
				E5E44346BAE9ECFB8BA141EE /* helpers.swift in Sources */,
				EB6AD5F927DDFFF9805ECED0 /* isdebugged.swift in Sources */,
				D184257FDD7AE36F18725D30 /* islcinstalled.swift in Sources */,
				602E65AAD1DAB37B2F83515C /* isunsupported.swift in Sources */,
				F31B0ABB5F2F7F16BAAFA6A3 /* keepalive.swift in Sources */,
				00202D6ACE267233F3039A5B /* lara.swift in Sources */,
				9DAC5982A30F0C03F49FFA61 /* laramgr.swift in Sources */,
				0B7DE9C4509ECB136CC9B638 /* offsets.m in Sources */,
				6C9C2DA6D8CA8E1E7BC53395 /* ota.m in Sources */,
				80B444A2B60934943D11B6B9 /* pac.m in Sources */,
				1E55B26EADA5C23F309A7B0C /* persistence.m in Sources */,
				6E92B04499A623019373B0A2 /* rc.m in Sources */,
				E2E6E955F2EB03E174AB68C2 /* resizetoapprox.swift in Sources */,
				E7E8AD844335D650EC96A029 /* respring.swift in Sources */,
				510DFF895883A78195E38946 /* sbx.m in Sources */,
				A3D53400C1802DD7EDD3A18F /* screentime.m in Sources */,
				1B94BBD77A4A2810BF5D1290 /* thread.m in Sources */,
				EC8EF9CB8B22F2E7317C47EC /* utils.m in Sources */,
				7ADCF239CFA73E31C04EB6B8 /* vfs.m in Sources */,
				4BABA3A5C72B1C3E3FEEAE27 /* vm.m in Sources */,
				2C895842D5AF8B63A9213ACB /* vnode.m in Sources */,
				B638D7CADA8DBC8244AB2F55 /* zipmgr.swift in Sources */,
			);
			runOnlyForDeploymentPostprocessing = 0;
		};
/* End PBXSourcesBuildPhase section */

/* Begin XCBuildConfiguration section */
		644B49A5A6EA84C3DB2B3DC3 /* Debug */ = {
			isa = XCBuildConfiguration;
			buildSettings = {
				ASSETCATALOG_COMPILER_APPICON_NAME = AppIcon;
				CODE_SIGN_IDENTITY = "iPhone Developer";
				INFOPLIST_FILE = lara/Info.plist;
				LD_RUNPATH_SEARCH_PATHS = (
					"$(inherited)",
					"@executable_path/Frameworks",
				);
				LIBRARY_SEARCH_PATHS = "$(inherited) lara/lib/";
				OTHER_LDFLAGS = "$(inherited) -lxpf -lgrabkernel2";
				PRODUCT_BUNDLE_IDENTIFIER = com.roooot.lara;
				SDKROOT = iphoneos;
				SWIFT_OBJC_BRIDGING_HEADER = "lara/lara-Bridging-Header.h";
				SWIFT_STRICT_CONCURRENCY = minimal;
				SWIFT_VERSION = 5.0;
				TARGETED_DEVICE_FAMILY = "1,2";
			};
			name = Debug;
		};
		B36A0572D1FE8B1BD286BCB7 /* Debug */ = {
			isa = XCBuildConfiguration;
			buildSettings = {
				ALWAYS_SEARCH_USER_PATHS = NO;
				CLANG_ANALYZER_NONNULL = YES;
				CLANG_ANALYZER_NUMBER_OBJECT_CONVERSION = YES_AGGRESSIVE;
				CLANG_CXX_LANGUAGE_STANDARD = "gnu++14";
				CLANG_CXX_LIBRARY = "libc++";
				CLANG_ENABLE_MODULES = YES;
				CLANG_ENABLE_OBJC_ARC = YES;
				CLANG_ENABLE_OBJC_WEAK = YES;
				CLANG_WARN_BLOCK_CAPTURE_AUTORELEASING = YES;
				CLANG_WARN_BOOL_CONVERSION = YES;
				CLANG_WARN_COMMA = YES;
				CLANG_WARN_CONSTANT_CONVERSION = YES;
				CLANG_WARN_DEPRECATED_OBJC_IMPLEMENTATIONS = YES;
				CLANG_WARN_DIRECT_OBJC_ISA_USAGE = YES_ERROR;
				CLANG_WARN_DOCUMENTATION_COMMENTS = YES;
				CLANG_WARN_EMPTY_BODY = YES;
				CLANG_WARN_ENUM_CONVERSION = YES;
				CLANG_WARN_INFINITE_RECURSION = YES;
				CLANG_WARN_INT_CONVERSION = YES;
				CLANG_WARN_NON_LITERAL_NULL_CONVERSION = YES;
				CLANG_WARN_OBJC_IMPLICIT_RETAIN_SELF = YES;
				CLANG_WARN_OBJC_LITERAL_CONVERSION = YES;
				CLANG_WARN_OBJC_ROOT_CLASS = YES_ERROR;
				CLANG_WARN_QUOTED_INCLUDE_IN_FRAMEWORK_HEADER = YES;
				CLANG_WARN_RANGE_LOOP_ANALYSIS = YES;
				CLANG_WARN_STRICT_PROTOTYPES = YES;
				CLANG_WARN_SUSPICIOUS_MOVE = YES;
				CLANG_WARN_UNGUARDED_AVAILABILITY = YES_AGGRESSIVE;
				CLANG_WARN_UNREACHABLE_CODE = YES;
				CLANG_WARN__DUPLICATE_METHOD_MATCH = YES;
				COPY_PHASE_STRIP = NO;
				DEBUG_INFORMATION_FORMAT = dwarf;
				ENABLE_STRICT_OBJC_MSGSEND = YES;
				ENABLE_TESTABILITY = YES;
				GCC_C_LANGUAGE_STANDARD = gnu11;
				GCC_DYNAMIC_NO_PIC = NO;
				GCC_NO_COMMON_BLOCKS = YES;
				GCC_OPTIMIZATION_LEVEL = 0;
				GCC_PREPROCESSOR_DEFINITIONS = (
					"$(inherited)",
					"DEBUG=1",
				);
				GCC_WARN_64_TO_32_BIT_CONVERSION = YES;
				GCC_WARN_ABOUT_RETURN_TYPE = YES_ERROR;
				GCC_WARN_UNDECLARED_SELECTOR = YES;
				GCC_WARN_UNINITIALIZED_AUTOS = YES_AGGRESSIVE;
				GCC_WARN_UNUSED_FUNCTION = YES;
				GCC_WARN_UNUSED_VARIABLE = YES;
				IPHONEOS_DEPLOYMENT_TARGET = 17.0;
				MTL_ENABLE_DEBUG_INFO = INCLUDE_SOURCE;
				MTL_FAST_MATH = YES;
				ONLY_ACTIVE_ARCH = YES;
				PRODUCT_NAME = "$(TARGET_NAME)";
				SDKROOT = iphoneos;
				SWIFT_ACTIVE_COMPILATION_CONDITIONS = DEBUG;
				SWIFT_OPTIMIZATION_LEVEL = "-Onone";
				SWIFT_VERSION = 5.0;
			};
			name = Debug;
		};
		EEB3821768474EEF09187DAB /* Release */ = {
			isa = XCBuildConfiguration;
			buildSettings = {
				ALWAYS_SEARCH_USER_PATHS = NO;
				CLANG_ANALYZER_NONNULL = YES;
				CLANG_ANALYZER_NUMBER_OBJECT_CONVERSION = YES_AGGRESSIVE;
				CLANG_CXX_LANGUAGE_STANDARD = "gnu++14";
				CLANG_CXX_LIBRARY = "libc++";
				CLANG_ENABLE_MODULES = YES;
				CLANG_ENABLE_OBJC_ARC = YES;
				CLANG_ENABLE_OBJC_WEAK = YES;
				CLANG_WARN_BLOCK_CAPTURE_AUTORELEASING = YES;
				CLANG_WARN_BOOL_CONVERSION = YES;
				CLANG_WARN_COMMA = YES;
				CLANG_WARN_CONSTANT_CONVERSION = YES;
				CLANG_WARN_DEPRECATED_OBJC_IMPLEMENTATIONS = YES;
				CLANG_WARN_DIRECT_OBJC_ISA_USAGE = YES_ERROR;
				CLANG_WARN_DOCUMENTATION_COMMENTS = YES;
				CLANG_WARN_EMPTY_BODY = YES;
				CLANG_WARN_ENUM_CONVERSION = YES;
				CLANG_WARN_INFINITE_RECURSION = YES;
				CLANG_WARN_INT_CONVERSION = YES;
				CLANG_WARN_NON_LITERAL_NULL_CONVERSION = YES;
				CLANG_WARN_OBJC_IMPLICIT_RETAIN_SELF = YES;
				CLANG_WARN_OBJC_LITERAL_CONVERSION = YES;
				CLANG_WARN_OBJC_ROOT_CLASS = YES_ERROR;
				CLANG_WARN_QUOTED_INCLUDE_IN_FRAMEWORK_HEADER = YES;
				CLANG_WARN_RANGE_LOOP_ANALYSIS = YES;
				CLANG_WARN_STRICT_PROTOTYPES = YES;
				CLANG_WARN_SUSPICIOUS_MOVE = YES;
				CLANG_WARN_UNGUARDED_AVAILABILITY = YES_AGGRESSIVE;
				CLANG_WARN_UNREACHABLE_CODE = YES;
				CLANG_WARN__DUPLICATE_METHOD_MATCH = YES;
				COPY_PHASE_STRIP = NO;
				DEBUG_INFORMATION_FORMAT = "dwarf-with-dsym";
				ENABLE_NS_ASSERTIONS = NO;
				ENABLE_STRICT_OBJC_MSGSEND = YES;
				GCC_C_LANGUAGE_STANDARD = gnu11;
				GCC_NO_COMMON_BLOCKS = YES;
				GCC_WARN_64_TO_32_BIT_CONVERSION = YES;
				GCC_WARN_ABOUT_RETURN_TYPE = YES_ERROR;
				GCC_WARN_UNDECLARED_SELECTOR = YES;
				GCC_WARN_UNINITIALIZED_AUTOS = YES_AGGRESSIVE;
				GCC_WARN_UNUSED_FUNCTION = YES;
				GCC_WARN_UNUSED_VARIABLE = YES;
				IPHONEOS_DEPLOYMENT_TARGET = 17.0;
				MTL_ENABLE_DEBUG_INFO = NO;
				MTL_FAST_MATH = YES;
				PRODUCT_NAME = "$(TARGET_NAME)";
				SDKROOT = iphoneos;
				SWIFT_COMPILATION_MODE = wholemodule;
				SWIFT_OPTIMIZATION_LEVEL = "-O";
				SWIFT_VERSION = 5.0;
			};
			name = Release;
		};
		F8C0F368A3784602DCE5A454 /* Release */ = {
			isa = XCBuildConfiguration;
			buildSettings = {
				ASSETCATALOG_COMPILER_APPICON_NAME = AppIcon;
				CODE_SIGN_IDENTITY = "iPhone Developer";
				INFOPLIST_FILE = lara/Info.plist;
				LD_RUNPATH_SEARCH_PATHS = (
					"$(inherited)",
					"@executable_path/Frameworks",
				);
				LIBRARY_SEARCH_PATHS = "$(inherited) lara/lib/";
				OTHER_LDFLAGS = "$(inherited) -lxpf -lgrabkernel2";
				PRODUCT_BUNDLE_IDENTIFIER = com.roooot.lara;
				SDKROOT = iphoneos;
				SWIFT_OBJC_BRIDGING_HEADER = "lara/lara-Bridging-Header.h";
				SWIFT_STRICT_CONCURRENCY = minimal;
				SWIFT_VERSION = 5.0;
				TARGETED_DEVICE_FAMILY = "1,2";
			};
			name = Release;
		};
/* End XCBuildConfiguration section */

/* Begin XCConfigurationList section */
		0834245AF38D531999A6377B /* Build configuration list for PBXProject "lara" */ = {
			isa = XCConfigurationList;
			buildConfigurations = (
				B36A0572D1FE8B1BD286BCB7 /* Debug */,
				EEB3821768474EEF09187DAB /* Release */,
			);
			defaultConfigurationIsVisible = 0;
			defaultConfigurationName = Debug;
		};
		97B7DC73658626C9634EAD09 /* Build configuration list for PBXNativeTarget "lara" */ = {
			isa = XCConfigurationList;
			buildConfigurations = (
				644B49A5A6EA84C3DB2B3DC3 /* Debug */,
				F8C0F368A3784602DCE5A454 /* Release */,
			);
			defaultConfigurationIsVisible = 0;
			defaultConfigurationName = Debug;
		};
/* End XCConfigurationList section */
	};
	rootObject = C2C95BFA5DD3CFA4D4DD34CD /* Project object */;
}
